// !$*UTF8*$!
{
	archiveVersion = 1;
	classes = {
	};
	objectVersion = 56;
	objects = {

/* Begin PBXBuildFile section */
		0FCA287A57FA7E931DD97683 /* Pods_ExampleSwift___Pod.framework in Frameworks */ = {isa = PBXBuildFile; fileRef = ECCE8A4C3DF5E1DC2D9DBC3D /* Pods_ExampleSwift___Pod.framework */; };
		58389AB62987647B00A31A35 /* Preview Assets.xcassets in Resources */ = {isa = PBXBuildFile; fileRef = 58389AB52987647B00A31A35 /* Preview Assets.xcassets */; };
		587DC5BF299550DA0082F8D0 /* AppDelegate.swift in Sources */ = {isa = PBXBuildFile; fileRef = 587DC5BE299550DA0082F8D0 /* AppDelegate.swift */; };
		587DC5C4299554B00082F8D0 /* Assets.xcassets in Resources */ = {isa = PBXBuildFile; fileRef = 587DC5C3299554B00082F8D0 /* Assets.xcassets */; };
		587DC5CB2995551A0082F8D0 /* Main.storyboard in Resources */ = {isa = PBXBuildFile; fileRef = 587DC5C82995551A0082F8D0 /* Main.storyboard */; };
		587DC5CD299555D70082F8D0 /* ViewController.swift in Sources */ = {isa = PBXBuildFile; fileRef = 587DC5CC299555D70082F8D0 /* ViewController.swift */; };
		587DC5CF2995748B0082F8D0 /* ProductViewController.swift in Sources */ = {isa = PBXBuildFile; fileRef = 587DC5CE2995748B0082F8D0 /* ProductViewController.swift */; };
		588B597829B94AC200E3BA33 /* attentive_ios_sdk_framework.framework in Frameworks */ = {isa = PBXBuildFile; fileRef = 588B597729B94AC200E3BA33 /* attentive_ios_sdk_framework.framework */; };
		588B597929B94AC200E3BA33 /* attentive_ios_sdk_framework.framework in Embed Frameworks */ = {isa = PBXBuildFile; fileRef = 588B597729B94AC200E3BA33 /* attentive_ios_sdk_framework.framework */; settings = {ATTRIBUTES = (CodeSignOnCopy, RemoveHeadersOnCopy, ); }; };
		588EB71A2995BBB700C0163A /* LaunchScreen.storyboard in Resources */ = {isa = PBXBuildFile; fileRef = 588EB7182995BBB700C0163A /* LaunchScreen.storyboard */; };
		588EB71D2995BC3A00C0163A /* AppDelegate.swift in Sources */ = {isa = PBXBuildFile; fileRef = 587DC5BE299550DA0082F8D0 /* AppDelegate.swift */; };
		588EB71E2995BC3A00C0163A /* ViewController.swift in Sources */ = {isa = PBXBuildFile; fileRef = 587DC5CC299555D70082F8D0 /* ViewController.swift */; };
		588EB71F2995BC3A00C0163A /* ProductViewController.swift in Sources */ = {isa = PBXBuildFile; fileRef = 587DC5CE2995748B0082F8D0 /* ProductViewController.swift */; };
		588EB7232995BC3A00C0163A /* Preview Assets.xcassets in Resources */ = {isa = PBXBuildFile; fileRef = 58389AB52987647B00A31A35 /* Preview Assets.xcassets */; };
		588EB7242995BC3A00C0163A /* LaunchScreen.storyboard in Resources */ = {isa = PBXBuildFile; fileRef = 588EB7182995BBB700C0163A /* LaunchScreen.storyboard */; };
		588EB7252995BC3A00C0163A /* Assets.xcassets in Resources */ = {isa = PBXBuildFile; fileRef = 587DC5C3299554B00082F8D0 /* Assets.xcassets */; };
		588EB7262995BC3A00C0163A /* Main.storyboard in Resources */ = {isa = PBXBuildFile; fileRef = 587DC5C82995551A0082F8D0 /* Main.storyboard */; };
/* End PBXBuildFile section */

/* Begin PBXCopyFilesBuildPhase section */
		58ADF9312988738E002EA268 /* Embed Frameworks */ = {
			isa = PBXCopyFilesBuildPhase;
			buildActionMask = 2147483647;
			dstPath = "";
			dstSubfolderSpec = 10;
			files = (
				588B597929B94AC200E3BA33 /* attentive_ios_sdk_framework.framework in Embed Frameworks */,
			);
			name = "Embed Frameworks";
			runOnlyForDeploymentPostprocessing = 0;
		};
/* End PBXCopyFilesBuildPhase section */

/* Begin PBXFileReference section */
		0BC1FCC82562655752224489 /* Pods-ExampleSwift - Pod.debug.xcconfig */ = {isa = PBXFileReference; includeInIndex = 1; lastKnownFileType = text.xcconfig; name = "Pods-ExampleSwift - Pod.debug.xcconfig"; path = "Target Support Files/Pods-ExampleSwift - Pod/Pods-ExampleSwift - Pod.debug.xcconfig"; sourceTree = "<group>"; };
		58389AAA2987647900A31A35 /* ExampleSwift - Local.app */ = {isa = PBXFileReference; explicitFileType = wrapper.application; includeInIndex = 0; path = "ExampleSwift - Local.app"; sourceTree = BUILT_PRODUCTS_DIR; };
		58389AB32987647B00A31A35 /* ExampleSwift.entitlements */ = {isa = PBXFileReference; lastKnownFileType = text.plist.entitlements; path = ExampleSwift.entitlements; sourceTree = "<group>"; };
		58389AB52987647B00A31A35 /* Preview Assets.xcassets */ = {isa = PBXFileReference; lastKnownFileType = folder.assetcatalog; path = "Preview Assets.xcassets"; sourceTree = "<group>"; };
		587DC5BE299550DA0082F8D0 /* AppDelegate.swift */ = {isa = PBXFileReference; lastKnownFileType = sourcecode.swift; path = AppDelegate.swift; sourceTree = "<group>"; };
		587DC5C3299554B00082F8D0 /* Assets.xcassets */ = {isa = PBXFileReference; lastKnownFileType = folder.assetcatalog; name = Assets.xcassets; path = "ExampleSwift/Supporting Files/Assets.xcassets"; sourceTree = SOURCE_ROOT; };
		587DC5C92995551A0082F8D0 /* Base */ = {isa = PBXFileReference; lastKnownFileType = file.storyboard; name = Base; path = Base.lproj/Main.storyboard; sourceTree = SOURCE_ROOT; };
		587DC5CC299555D70082F8D0 /* ViewController.swift */ = {isa = PBXFileReference; lastKnownFileType = sourcecode.swift; path = ViewController.swift; sourceTree = "<group>"; };
		587DC5CE2995748B0082F8D0 /* ProductViewController.swift */ = {isa = PBXFileReference; lastKnownFileType = sourcecode.swift; path = ProductViewController.swift; sourceTree = "<group>"; };
		588B597729B94AC200E3BA33 /* attentive_ios_sdk_framework.framework */ = {isa = PBXFileReference; explicitFileType = wrapper.framework; path = attentive_ios_sdk_framework.framework; sourceTree = BUILT_PRODUCTS_DIR; };
		588EB7192995BBB700C0163A /* Base */ = {isa = PBXFileReference; lastKnownFileType = file.storyboard; name = Base; path = Base.lproj/LaunchScreen.storyboard; sourceTree = SOURCE_ROOT; };
		588EB72C2995BC3A00C0163A /* ExampleSwift - Pod.app */ = {isa = PBXFileReference; explicitFileType = wrapper.application; includeInIndex = 0; path = "ExampleSwift - Pod.app"; sourceTree = BUILT_PRODUCTS_DIR; };
		588EB72D2995BC3A00C0163A /* ExampleSwift - Local copy-Info.plist */ = {isa = PBXFileReference; lastKnownFileType = text.plist.xml; name = "ExampleSwift - Local copy-Info.plist"; path = "/Users/wdavis/repos/attentive-ios-sdk/ExampleSwift/ExampleSwift - Local copy-Info.plist"; sourceTree = "<absolute>"; };
		588EB72E2995BE2E00C0163A /* attentive-ios-sdk-bridging-header.h */ = {isa = PBXFileReference; lastKnownFileType = sourcecode.c.h; path = "attentive-ios-sdk-bridging-header.h"; sourceTree = "<group>"; };
		58ADF92E2988738D002EA268 /* attentive_ios_sdk.framework */ = {isa = PBXFileReference; explicitFileType = wrapper.framework; path = attentive_ios_sdk.framework; sourceTree = BUILT_PRODUCTS_DIR; };
		58ADF9322988746D002EA268 /* attentive-ios-sdk-local-bridging-header.h */ = {isa = PBXFileReference; lastKnownFileType = sourcecode.c.h; path = "attentive-ios-sdk-local-bridging-header.h"; sourceTree = "<group>"; };
		859F6AE5F75849A800B53A78 /* Pods-ExampleSwift - Pod.release.xcconfig */ = {isa = PBXFileReference; includeInIndex = 1; lastKnownFileType = text.xcconfig; name = "Pods-ExampleSwift - Pod.release.xcconfig"; path = "Target Support Files/Pods-ExampleSwift - Pod/Pods-ExampleSwift - Pod.release.xcconfig"; sourceTree = "<group>"; };
		ECCE8A4C3DF5E1DC2D9DBC3D /* Pods_ExampleSwift___Pod.framework */ = {isa = PBXFileReference; explicitFileType = wrapper.framework; includeInIndex = 0; path = Pods_ExampleSwift___Pod.framework; sourceTree = BUILT_PRODUCTS_DIR; };
/* End PBXFileReference section */

/* Begin PBXFrameworksBuildPhase section */
		58389AA72987647900A31A35 /* Frameworks */ = {
			isa = PBXFrameworksBuildPhase;
			buildActionMask = 2147483647;
			files = (
				588B597829B94AC200E3BA33 /* attentive_ios_sdk_framework.framework in Frameworks */,
			);
			runOnlyForDeploymentPostprocessing = 0;
		};
		588EB7202995BC3A00C0163A /* Frameworks */ = {
			isa = PBXFrameworksBuildPhase;
			buildActionMask = 2147483647;
			files = (
				0FCA287A57FA7E931DD97683 /* Pods_ExampleSwift___Pod.framework in Frameworks */,
			);
			runOnlyForDeploymentPostprocessing = 0;
		};
/* End PBXFrameworksBuildPhase section */

/* Begin PBXGroup section */
		58389AA12987647900A31A35 = {
			isa = PBXGroup;
			children = (
				58389AAC2987647900A31A35 /* ExampleSwift */,
				587DC5C5299554DF0082F8D0 /* Supporting Files */,
				58389AAB2987647900A31A35 /* Products */,
				58ADF92D2988738D002EA268 /* Frameworks */,
				588EB72D2995BC3A00C0163A /* ExampleSwift - Local copy-Info.plist */,
				8DDF698A66FE410250C43DCE /* Pods */,
			);
			sourceTree = "<group>";
		};
		58389AAB2987647900A31A35 /* Products */ = {
			isa = PBXGroup;
			children = (
				58389AAA2987647900A31A35 /* ExampleSwift - Local.app */,
				588EB72C2995BC3A00C0163A /* ExampleSwift - Pod.app */,
			);
			name = Products;
			sourceTree = "<group>";
		};
		58389AAC2987647900A31A35 /* ExampleSwift */ = {
			isa = PBXGroup;
			children = (
				587DC5BE299550DA0082F8D0 /* AppDelegate.swift */,
				587DC5CC299555D70082F8D0 /* ViewController.swift */,
				587DC5CE2995748B0082F8D0 /* ProductViewController.swift */,
				58389AB32987647B00A31A35 /* ExampleSwift.entitlements */,
				58389AB42987647B00A31A35 /* Preview Content */,
				588EB72E2995BE2E00C0163A /* attentive-ios-sdk-bridging-header.h */,
				58ADF9322988746D002EA268 /* attentive-ios-sdk-local-bridging-header.h */,
			);
			path = ExampleSwift;
			sourceTree = "<group>";
		};
		58389AB42987647B00A31A35 /* Preview Content */ = {
			isa = PBXGroup;
			children = (
				58389AB52987647B00A31A35 /* Preview Assets.xcassets */,
			);
			path = "Preview Content";
			sourceTree = "<group>";
		};
		587DC5C5299554DF0082F8D0 /* Supporting Files */ = {
			isa = PBXGroup;
			children = (
				588EB7182995BBB700C0163A /* LaunchScreen.storyboard */,
				587DC5C82995551A0082F8D0 /* Main.storyboard */,
				587DC5C3299554B00082F8D0 /* Assets.xcassets */,
			);
			name = "Supporting Files";
			path = "ExampleSwift/Supporting Files";
			sourceTree = "<group>";
		};
		58ADF92D2988738D002EA268 /* Frameworks */ = {
			isa = PBXGroup;
			children = (
				588B597729B94AC200E3BA33 /* attentive_ios_sdk_framework.framework */,
				58ADF92E2988738D002EA268 /* attentive_ios_sdk.framework */,
				ECCE8A4C3DF5E1DC2D9DBC3D /* Pods_ExampleSwift___Pod.framework */,
			);
			name = Frameworks;
			sourceTree = "<group>";
		};
		8DDF698A66FE410250C43DCE /* Pods */ = {
			isa = PBXGroup;
			children = (
				0BC1FCC82562655752224489 /* Pods-ExampleSwift - Pod.debug.xcconfig */,
				859F6AE5F75849A800B53A78 /* Pods-ExampleSwift - Pod.release.xcconfig */,
			);
			path = Pods;
			sourceTree = "<group>";
		};
/* End PBXGroup section */

/* Begin PBXNativeTarget section */
		58389AA92987647900A31A35 /* ExampleSwift - Local */ = {
			isa = PBXNativeTarget;
			buildConfigurationList = 58389AB92987647B00A31A35 /* Build configuration list for PBXNativeTarget "ExampleSwift - Local" */;
			buildPhases = (
				58389AA62987647900A31A35 /* Sources */,
				58389AA72987647900A31A35 /* Frameworks */,
				58389AA82987647900A31A35 /* Resources */,
				58ADF9312988738E002EA268 /* Embed Frameworks */,
			);
			buildRules = (
			);
			dependencies = (
			);
			name = "ExampleSwift - Local";
			productName = ExampleSwift;
			productReference = 58389AAA2987647900A31A35 /* ExampleSwift - Local.app */;
			productType = "com.apple.product-type.application";
		};
		588EB71B2995BC3A00C0163A /* ExampleSwift - Pod */ = {
			isa = PBXNativeTarget;
			buildConfigurationList = 588EB7292995BC3A00C0163A /* Build configuration list for PBXNativeTarget "ExampleSwift - Pod" */;
			buildPhases = (
				91D7BFB881B221C30507B74F /* [CP] Check Pods Manifest.lock */,
				588EB71C2995BC3A00C0163A /* Sources */,
				588EB7202995BC3A00C0163A /* Frameworks */,
				588EB7222995BC3A00C0163A /* Resources */,
				2DDBEEF11B26F3D0A486B571 /* [CP] Embed Pods Frameworks */,
			);
			buildRules = (
			);
			dependencies = (
			);
			name = "ExampleSwift - Pod";
			productName = ExampleSwift;
			productReference = 588EB72C2995BC3A00C0163A /* ExampleSwift - Pod.app */;
			productType = "com.apple.product-type.application";
		};
/* End PBXNativeTarget section */

/* Begin PBXProject section */
		58389AA22987647900A31A35 /* Project object */ = {
			isa = PBXProject;
			attributes = {
				BuildIndependentTargetsInParallel = 1;
				LastSwiftUpdateCheck = 1420;
				LastUpgradeCheck = 1420;
				TargetAttributes = {
					58389AA92987647900A31A35 = {
						CreatedOnToolsVersion = 14.2;
					};
				};
			};
			buildConfigurationList = 58389AA52987647900A31A35 /* Build configuration list for PBXProject "ExampleSwift" */;
			compatibilityVersion = "Xcode 14.0";
			developmentRegion = en;
			hasScannedForEncodings = 0;
			knownRegions = (
				en,
				Base,
			);
			mainGroup = 58389AA12987647900A31A35;
			productRefGroup = 58389AAB2987647900A31A35 /* Products */;
			projectDirPath = "";
			projectRoot = "";
			targets = (
				58389AA92987647900A31A35 /* ExampleSwift - Local */,
				588EB71B2995BC3A00C0163A /* ExampleSwift - Pod */,
			);
		};
/* End PBXProject section */

/* Begin PBXResourcesBuildPhase section */
		58389AA82987647900A31A35 /* Resources */ = {
			isa = PBXResourcesBuildPhase;
			buildActionMask = 2147483647;
			files = (
				58389AB62987647B00A31A35 /* Preview Assets.xcassets in Resources */,
				588EB71A2995BBB700C0163A /* LaunchScreen.storyboard in Resources */,
				587DC5C4299554B00082F8D0 /* Assets.xcassets in Resources */,
				587DC5CB2995551A0082F8D0 /* Main.storyboard in Resources */,
			);
			runOnlyForDeploymentPostprocessing = 0;
		};
		588EB7222995BC3A00C0163A /* Resources */ = {
			isa = PBXResourcesBuildPhase;
			buildActionMask = 2147483647;
			files = (
				588EB7232995BC3A00C0163A /* Preview Assets.xcassets in Resources */,
				588EB7242995BC3A00C0163A /* LaunchScreen.storyboard in Resources */,
				588EB7252995BC3A00C0163A /* Assets.xcassets in Resources */,
				588EB7262995BC3A00C0163A /* Main.storyboard in Resources */,
			);
			runOnlyForDeploymentPostprocessing = 0;
		};
/* End PBXResourcesBuildPhase section */

/* Begin PBXShellScriptBuildPhase section */
		2DDBEEF11B26F3D0A486B571 /* [CP] Embed Pods Frameworks */ = {
			isa = PBXShellScriptBuildPhase;
			buildActionMask = 2147483647;
			files = (
			);
			inputFileListPaths = (
				"${PODS_ROOT}/Target Support Files/Pods-ExampleSwift - Pod/Pods-ExampleSwift - Pod-frameworks-${CONFIGURATION}-input-files.xcfilelist",
			);
			name = "[CP] Embed Pods Frameworks";
			outputFileListPaths = (
				"${PODS_ROOT}/Target Support Files/Pods-ExampleSwift - Pod/Pods-ExampleSwift - Pod-frameworks-${CONFIGURATION}-output-files.xcfilelist",
			);
			runOnlyForDeploymentPostprocessing = 0;
			shellPath = /bin/sh;
			shellScript = "\"${PODS_ROOT}/Target Support Files/Pods-ExampleSwift - Pod/Pods-ExampleSwift - Pod-frameworks.sh\"\n";
			showEnvVarsInLog = 0;
		};
		91D7BFB881B221C30507B74F /* [CP] Check Pods Manifest.lock */ = {
			isa = PBXShellScriptBuildPhase;
			buildActionMask = 2147483647;
			files = (
			);
			inputFileListPaths = (
			);
			inputPaths = (
				"${PODS_PODFILE_DIR_PATH}/Podfile.lock",
				"${PODS_ROOT}/Manifest.lock",
			);
			name = "[CP] Check Pods Manifest.lock";
			outputFileListPaths = (
			);
			outputPaths = (
				"$(DERIVED_FILE_DIR)/Pods-ExampleSwift - Pod-checkManifestLockResult.txt",
			);
			runOnlyForDeploymentPostprocessing = 0;
			shellPath = /bin/sh;
			shellScript = "diff \"${PODS_PODFILE_DIR_PATH}/Podfile.lock\" \"${PODS_ROOT}/Manifest.lock\" > /dev/null\nif [ $? != 0 ] ; then\n    # print error to STDERR\n    echo \"error: The sandbox is not in sync with the Podfile.lock. Run 'pod install' or update your CocoaPods installation.\" >&2\n    exit 1\nfi\n# This output is used by Xcode 'outputs' to avoid re-running this script phase.\necho \"SUCCESS\" > \"${SCRIPT_OUTPUT_FILE_0}\"\n";
			showEnvVarsInLog = 0;
		};
/* End PBXShellScriptBuildPhase section */

/* Begin PBXSourcesBuildPhase section */
		58389AA62987647900A31A35 /* Sources */ = {
			isa = PBXSourcesBuildPhase;
			buildActionMask = 2147483647;
			files = (
				587DC5BF299550DA0082F8D0 /* AppDelegate.swift in Sources */,
				587DC5CD299555D70082F8D0 /* ViewController.swift in Sources */,
				587DC5CF2995748B0082F8D0 /* ProductViewController.swift in Sources */,
			);
			runOnlyForDeploymentPostprocessing = 0;
		};
		588EB71C2995BC3A00C0163A /* Sources */ = {
			isa = PBXSourcesBuildPhase;
			buildActionMask = 2147483647;
			files = (
				588EB71D2995BC3A00C0163A /* AppDelegate.swift in Sources */,
				588EB71E2995BC3A00C0163A /* ViewController.swift in Sources */,
				588EB71F2995BC3A00C0163A /* ProductViewController.swift in Sources */,
			);
			runOnlyForDeploymentPostprocessing = 0;
		};
/* End PBXSourcesBuildPhase section */

/* Begin PBXVariantGroup section */
		587DC5C82995551A0082F8D0 /* Main.storyboard */ = {
			isa = PBXVariantGroup;
			children = (
				587DC5C92995551A0082F8D0 /* Base */,
			);
			name = Main.storyboard;
			sourceTree = "<group>";
		};
		588EB7182995BBB700C0163A /* LaunchScreen.storyboard */ = {
			isa = PBXVariantGroup;
			children = (
				588EB7192995BBB700C0163A /* Base */,
			);
			name = LaunchScreen.storyboard;
			sourceTree = "<group>";
		};
/* End PBXVariantGroup section */

/* Begin XCBuildConfiguration section */
		58389AB72987647B00A31A35 /* Debug */ = {
			isa = XCBuildConfiguration;
			buildSettings = {
				ALWAYS_SEARCH_USER_PATHS = NO;
				CLANG_ANALYZER_NONNULL = YES;
				CLANG_ANALYZER_NUMBER_OBJECT_CONVERSION = YES_AGGRESSIVE;
				CLANG_CXX_LANGUAGE_STANDARD = "gnu++20";
				CLANG_ENABLE_MODULES = YES;
				CLANG_ENABLE_OBJC_ARC = YES;
				CLANG_ENABLE_OBJC_WEAK = YES;
				CLANG_WARN_BLOCK_CAPTURE_AUTORELEASING = YES;
				CLANG_WARN_BOOL_CONVERSION = YES;
				CLANG_WARN_COMMA = YES;
				CLANG_WARN_CONSTANT_CONVERSION = YES;
				CLANG_WARN_DEPRECATED_OBJC_IMPLEMENTATIONS = YES;
				CLANG_WARN_DIRECT_OBJC_ISA_USAGE = YES_ERROR;
				CLANG_WARN_DOCUMENTATION_COMMENTS = YES;
				CLANG_WARN_EMPTY_BODY = YES;
				CLANG_WARN_ENUM_CONVERSION = YES;
				CLANG_WARN_INFINITE_RECURSION = YES;
				CLANG_WARN_INT_CONVERSION = YES;
				CLANG_WARN_NON_LITERAL_NULL_CONVERSION = YES;
				CLANG_WARN_OBJC_IMPLICIT_RETAIN_SELF = YES;
				CLANG_WARN_OBJC_LITERAL_CONVERSION = YES;
				CLANG_WARN_OBJC_ROOT_CLASS = YES_ERROR;
				CLANG_WARN_QUOTED_INCLUDE_IN_FRAMEWORK_HEADER = YES;
				CLANG_WARN_RANGE_LOOP_ANALYSIS = YES;
				CLANG_WARN_STRICT_PROTOTYPES = YES;
				CLANG_WARN_SUSPICIOUS_MOVE = YES;
				CLANG_WARN_UNGUARDED_AVAILABILITY = YES_AGGRESSIVE;
				CLANG_WARN_UNREACHABLE_CODE = YES;
				CLANG_WARN__DUPLICATE_METHOD_MATCH = YES;
				COPY_PHASE_STRIP = NO;
				DEBUG_INFORMATION_FORMAT = dwarf;
				ENABLE_STRICT_OBJC_MSGSEND = YES;
				ENABLE_TESTABILITY = YES;
				GCC_C_LANGUAGE_STANDARD = gnu11;
				GCC_DYNAMIC_NO_PIC = NO;
				GCC_NO_COMMON_BLOCKS = YES;
				GCC_OPTIMIZATION_LEVEL = 0;
				GCC_PREPROCESSOR_DEFINITIONS = (
					"DEBUG=1",
					"$(inherited)",
				);
				GCC_WARN_64_TO_32_BIT_CONVERSION = YES;
				GCC_WARN_ABOUT_RETURN_TYPE = YES_ERROR;
				GCC_WARN_UNDECLARED_SELECTOR = YES;
				GCC_WARN_UNINITIALIZED_AUTOS = YES_AGGRESSIVE;
				GCC_WARN_UNUSED_FUNCTION = YES;
				GCC_WARN_UNUSED_VARIABLE = YES;
				MTL_ENABLE_DEBUG_INFO = INCLUDE_SOURCE;
				MTL_FAST_MATH = YES;
				ONLY_ACTIVE_ARCH = YES;
				SWIFT_ACTIVE_COMPILATION_CONDITIONS = DEBUG;
				SWIFT_OBJC_BRIDGING_HEADER = "ExampleSwift/attentive-ios-sdk-local-bridging-header.h";
				SWIFT_OPTIMIZATION_LEVEL = "-Onone";
			};
			name = Debug;
		};
		58389AB82987647B00A31A35 /* Release */ = {
			isa = XCBuildConfiguration;
			buildSettings = {
				ALWAYS_SEARCH_USER_PATHS = NO;
				CLANG_ANALYZER_NONNULL = YES;
				CLANG_ANALYZER_NUMBER_OBJECT_CONVERSION = YES_AGGRESSIVE;
				CLANG_CXX_LANGUAGE_STANDARD = "gnu++20";
				CLANG_ENABLE_MODULES = YES;
				CLANG_ENABLE_OBJC_ARC = YES;
				CLANG_ENABLE_OBJC_WEAK = YES;
				CLANG_WARN_BLOCK_CAPTURE_AUTORELEASING = YES;
				CLANG_WARN_BOOL_CONVERSION = YES;
				CLANG_WARN_COMMA = YES;
				CLANG_WARN_CONSTANT_CONVERSION = YES;
				CLANG_WARN_DEPRECATED_OBJC_IMPLEMENTATIONS = YES;
				CLANG_WARN_DIRECT_OBJC_ISA_USAGE = YES_ERROR;
				CLANG_WARN_DOCUMENTATION_COMMENTS = YES;
				CLANG_WARN_EMPTY_BODY = YES;
				CLANG_WARN_ENUM_CONVERSION = YES;
				CLANG_WARN_INFINITE_RECURSION = YES;
				CLANG_WARN_INT_CONVERSION = YES;
				CLANG_WARN_NON_LITERAL_NULL_CONVERSION = YES;
				CLANG_WARN_OBJC_IMPLICIT_RETAIN_SELF = YES;
				CLANG_WARN_OBJC_LITERAL_CONVERSION = YES;
				CLANG_WARN_OBJC_ROOT_CLASS = YES_ERROR;
				CLANG_WARN_QUOTED_INCLUDE_IN_FRAMEWORK_HEADER = YES;
				CLANG_WARN_RANGE_LOOP_ANALYSIS = YES;
				CLANG_WARN_STRICT_PROTOTYPES = YES;
				CLANG_WARN_SUSPICIOUS_MOVE = YES;
				CLANG_WARN_UNGUARDED_AVAILABILITY = YES_AGGRESSIVE;
				CLANG_WARN_UNREACHABLE_CODE = YES;
				CLANG_WARN__DUPLICATE_METHOD_MATCH = YES;
				COPY_PHASE_STRIP = NO;
				DEBUG_INFORMATION_FORMAT = "dwarf-with-dsym";
				ENABLE_NS_ASSERTIONS = NO;
				ENABLE_STRICT_OBJC_MSGSEND = YES;
				GCC_C_LANGUAGE_STANDARD = gnu11;
				GCC_NO_COMMON_BLOCKS = YES;
				GCC_WARN_64_TO_32_BIT_CONVERSION = YES;
				GCC_WARN_ABOUT_RETURN_TYPE = YES_ERROR;
				GCC_WARN_UNDECLARED_SELECTOR = YES;
				GCC_WARN_UNINITIALIZED_AUTOS = YES_AGGRESSIVE;
				GCC_WARN_UNUSED_FUNCTION = YES;
				GCC_WARN_UNUSED_VARIABLE = YES;
				MTL_ENABLE_DEBUG_INFO = NO;
				MTL_FAST_MATH = YES;
				SWIFT_COMPILATION_MODE = wholemodule;
				SWIFT_OBJC_BRIDGING_HEADER = "ExampleSwift/attentive-ios-sdk-local-bridging-header.h";
				SWIFT_OPTIMIZATION_LEVEL = "-O";
			};
			name = Release;
		};
		58389ABA2987647B00A31A35 /* Debug */ = {
			isa = XCBuildConfiguration;
			buildSettings = {
				ASSETCATALOG_COMPILER_APPICON_NAME = AppIcon;
				ASSETCATALOG_COMPILER_GLOBAL_ACCENT_COLOR_NAME = AccentColor;
				CODE_SIGN_ENTITLEMENTS = ExampleSwift/ExampleSwift.entitlements;
				CODE_SIGN_STYLE = Automatic;
				CURRENT_PROJECT_VERSION = 1;
				DEVELOPMENT_ASSET_PATHS = "\"ExampleSwift/Preview Content\"";
				ENABLE_PREVIEWS = YES;
				GENERATE_INFOPLIST_FILE = YES;
				INFOPLIST_FILE = "";
				INFOPLIST_KEY_UIApplicationSceneManifest_Generation = NO;
				"INFOPLIST_KEY_UIApplicationSceneManifest_Generation[sdk=iphoneos*]" = NO;
				"INFOPLIST_KEY_UIApplicationSceneManifest_Generation[sdk=iphonesimulator*]" = NO;
				"INFOPLIST_KEY_UIApplicationSupportsIndirectInputEvents[sdk=iphoneos*]" = YES;
				"INFOPLIST_KEY_UIApplicationSupportsIndirectInputEvents[sdk=iphonesimulator*]" = YES;
				"INFOPLIST_KEY_UILaunchScreen_Generation[sdk=iphoneos*]" = YES;
				"INFOPLIST_KEY_UILaunchScreen_Generation[sdk=iphonesimulator*]" = YES;
				INFOPLIST_KEY_UILaunchStoryboardName = LaunchScreen.storyboard;
				INFOPLIST_KEY_UIMainStoryboardFile = Main;
				"INFOPLIST_KEY_UIStatusBarStyle[sdk=iphoneos*]" = UIStatusBarStyleDefault;
				"INFOPLIST_KEY_UIStatusBarStyle[sdk=iphonesimulator*]" = UIStatusBarStyleDefault;
				INFOPLIST_KEY_UISupportedInterfaceOrientations_iPad = "UIInterfaceOrientationPortrait UIInterfaceOrientationPortraitUpsideDown UIInterfaceOrientationLandscapeLeft UIInterfaceOrientationLandscapeRight";
				INFOPLIST_KEY_UISupportedInterfaceOrientations_iPhone = "UIInterfaceOrientationPortrait UIInterfaceOrientationLandscapeLeft UIInterfaceOrientationLandscapeRight";
				IPHONEOS_DEPLOYMENT_TARGET = 13.0;
				LD_RUNPATH_SEARCH_PATHS = "@executable_path/Frameworks";
				"LD_RUNPATH_SEARCH_PATHS[sdk=macosx*]" = "@executable_path/../Frameworks";
				MACOSX_DEPLOYMENT_TARGET = 12.6;
				MARKETING_VERSION = 1.0;
				PRODUCT_BUNDLE_IDENTIFIER = com.attentive.ExampleSwift;
				PRODUCT_NAME = "$(TARGET_NAME)";
				SDKROOT = auto;
				SUPPORTED_PLATFORMS = "iphoneos iphonesimulator macosx";
				SWIFT_EMIT_LOC_STRINGS = YES;
				SWIFT_OBJC_BRIDGING_HEADER = "ExampleSwift/attentive-ios-sdk-local-bridging-header.h";
				SWIFT_VERSION = 5.0;
				TARGETED_DEVICE_FAMILY = "1,2";
			};
			name = Debug;
		};
		58389ABB2987647B00A31A35 /* Release */ = {
			isa = XCBuildConfiguration;
			buildSettings = {
				ASSETCATALOG_COMPILER_APPICON_NAME = AppIcon;
				ASSETCATALOG_COMPILER_GLOBAL_ACCENT_COLOR_NAME = AccentColor;
				CODE_SIGN_ENTITLEMENTS = ExampleSwift/ExampleSwift.entitlements;
				CODE_SIGN_STYLE = Automatic;
				CURRENT_PROJECT_VERSION = 1;
				DEVELOPMENT_ASSET_PATHS = "\"ExampleSwift/Preview Content\"";
				ENABLE_PREVIEWS = YES;
				GENERATE_INFOPLIST_FILE = YES;
				INFOPLIST_FILE = "";
				INFOPLIST_KEY_UIApplicationSceneManifest_Generation = NO;
				"INFOPLIST_KEY_UIApplicationSceneManifest_Generation[sdk=iphoneos*]" = NO;
				"INFOPLIST_KEY_UIApplicationSceneManifest_Generation[sdk=iphonesimulator*]" = NO;
				"INFOPLIST_KEY_UIApplicationSupportsIndirectInputEvents[sdk=iphoneos*]" = YES;
				"INFOPLIST_KEY_UIApplicationSupportsIndirectInputEvents[sdk=iphonesimulator*]" = YES;
				"INFOPLIST_KEY_UILaunchScreen_Generation[sdk=iphoneos*]" = YES;
				"INFOPLIST_KEY_UILaunchScreen_Generation[sdk=iphonesimulator*]" = YES;
				INFOPLIST_KEY_UILaunchStoryboardName = LaunchScreen.storyboard;
				INFOPLIST_KEY_UIMainStoryboardFile = Main;
				"INFOPLIST_KEY_UIStatusBarStyle[sdk=iphoneos*]" = UIStatusBarStyleDefault;
				"INFOPLIST_KEY_UIStatusBarStyle[sdk=iphonesimulator*]" = UIStatusBarStyleDefault;
				INFOPLIST_KEY_UISupportedInterfaceOrientations_iPad = "UIInterfaceOrientationPortrait UIInterfaceOrientationPortraitUpsideDown UIInterfaceOrientationLandscapeLeft UIInterfaceOrientationLandscapeRight";
				INFOPLIST_KEY_UISupportedInterfaceOrientations_iPhone = "UIInterfaceOrientationPortrait UIInterfaceOrientationLandscapeLeft UIInterfaceOrientationLandscapeRight";
				IPHONEOS_DEPLOYMENT_TARGET = 13.0;
				LD_RUNPATH_SEARCH_PATHS = "@executable_path/Frameworks";
				"LD_RUNPATH_SEARCH_PATHS[sdk=macosx*]" = "@executable_path/../Frameworks";
				MACOSX_DEPLOYMENT_TARGET = 12.6;
				MARKETING_VERSION = 1.0;
				PRODUCT_BUNDLE_IDENTIFIER = com.attentive.ExampleSwift;
				PRODUCT_NAME = "$(TARGET_NAME)";
				SDKROOT = auto;
				SUPPORTED_PLATFORMS = "iphoneos iphonesimulator macosx";
				SWIFT_EMIT_LOC_STRINGS = YES;
				SWIFT_OBJC_BRIDGING_HEADER = "ExampleSwift/attentive-ios-sdk-local-bridging-header.h";
				SWIFT_VERSION = 5.0;
				TARGETED_DEVICE_FAMILY = "1,2";
			};
			name = Release;
		};
		588EB72A2995BC3A00C0163A /* Debug */ = {
			isa = XCBuildConfiguration;
			baseConfigurationReference = 0BC1FCC82562655752224489 /* Pods-ExampleSwift - Pod.debug.xcconfig */;
			buildSettings = {
				ASSETCATALOG_COMPILER_APPICON_NAME = AppIcon;
				ASSETCATALOG_COMPILER_GLOBAL_ACCENT_COLOR_NAME = AccentColor;
				CODE_SIGN_ENTITLEMENTS = ExampleSwift/ExampleSwift.entitlements;
				CODE_SIGN_STYLE = Automatic;
				CURRENT_PROJECT_VERSION = 1;
				DEVELOPMENT_ASSET_PATHS = "\"ExampleSwift/Preview Content\"";
				ENABLE_PREVIEWS = YES;
				GENERATE_INFOPLIST_FILE = YES;
				INFOPLIST_FILE = "";
				INFOPLIST_KEY_UIApplicationSceneManifest_Generation = NO;
				"INFOPLIST_KEY_UIApplicationSceneManifest_Generation[sdk=iphoneos*]" = NO;
				"INFOPLIST_KEY_UIApplicationSceneManifest_Generation[sdk=iphonesimulator*]" = NO;
				"INFOPLIST_KEY_UIApplicationSupportsIndirectInputEvents[sdk=iphoneos*]" = YES;
				"INFOPLIST_KEY_UIApplicationSupportsIndirectInputEvents[sdk=iphonesimulator*]" = YES;
				"INFOPLIST_KEY_UILaunchScreen_Generation[sdk=iphoneos*]" = YES;
				"INFOPLIST_KEY_UILaunchScreen_Generation[sdk=iphonesimulator*]" = YES;
				INFOPLIST_KEY_UILaunchStoryboardName = LaunchScreen.storyboard;
				INFOPLIST_KEY_UIMainStoryboardFile = Main;
				"INFOPLIST_KEY_UIStatusBarStyle[sdk=iphoneos*]" = UIStatusBarStyleDefault;
				"INFOPLIST_KEY_UIStatusBarStyle[sdk=iphonesimulator*]" = UIStatusBarStyleDefault;
				INFOPLIST_KEY_UISupportedInterfaceOrientations_iPad = "UIInterfaceOrientationPortrait UIInterfaceOrientationPortraitUpsideDown UIInterfaceOrientationLandscapeLeft UIInterfaceOrientationLandscapeRight";
				INFOPLIST_KEY_UISupportedInterfaceOrientations_iPhone = "UIInterfaceOrientationPortrait UIInterfaceOrientationLandscapeLeft UIInterfaceOrientationLandscapeRight";
				IPHONEOS_DEPLOYMENT_TARGET = 13.0;
				LD_RUNPATH_SEARCH_PATHS = "@executable_path/Frameworks";
				"LD_RUNPATH_SEARCH_PATHS[sdk=macosx*]" = "@executable_path/../Frameworks";
				MACOSX_DEPLOYMENT_TARGET = 12.6;
				MARKETING_VERSION = 1.0;
				PRODUCT_BUNDLE_IDENTIFIER = com.attentive.ExampleSwift;
				PRODUCT_NAME = "$(TARGET_NAME)";
				SDKROOT = auto;
				SUPPORTED_PLATFORMS = "iphoneos iphonesimulator macosx";
				SWIFT_EMIT_LOC_STRINGS = YES;
				SWIFT_OBJC_BRIDGING_HEADER = "ExampleSwift/attentive-ios-sdk-bridging-header.h";
				SWIFT_VERSION = 5.0;
				TARGETED_DEVICE_FAMILY = "1,2";
			};
			name = Debug;
		};
		588EB72B2995BC3A00C0163A /* Release */ = {
			isa = XCBuildConfiguration;
			baseConfigurationReference = 859F6AE5F75849A800B53A78 /* Pods-ExampleSwift - Pod.release.xcconfig */;
			buildSettings = {
				ASSETCATALOG_COMPILER_APPICON_NAME = AppIcon;
				ASSETCATALOG_COMPILER_GLOBAL_ACCENT_COLOR_NAME = AccentColor;
				CODE_SIGN_ENTITLEMENTS = ExampleSwift/ExampleSwift.entitlements;
				CODE_SIGN_STYLE = Automatic;
				CURRENT_PROJECT_VERSION = 1;
				DEVELOPMENT_ASSET_PATHS = "\"ExampleSwift/Preview Content\"";
				ENABLE_PREVIEWS = YES;
				GENERATE_INFOPLIST_FILE = YES;
				INFOPLIST_FILE = "";
				INFOPLIST_KEY_UIApplicationSceneManifest_Generation = NO;
				"INFOPLIST_KEY_UIApplicationSceneManifest_Generation[sdk=iphoneos*]" = NO;
				"INFOPLIST_KEY_UIApplicationSceneManifest_Generation[sdk=iphonesimulator*]" = NO;
				"INFOPLIST_KEY_UIApplicationSupportsIndirectInputEvents[sdk=iphoneos*]" = YES;
				"INFOPLIST_KEY_UIApplicationSupportsIndirectInputEvents[sdk=iphonesimulator*]" = YES;
				"INFOPLIST_KEY_UILaunchScreen_Generation[sdk=iphoneos*]" = YES;
				"INFOPLIST_KEY_UILaunchScreen_Generation[sdk=iphonesimulator*]" = YES;
				INFOPLIST_KEY_UILaunchStoryboardName = LaunchScreen.storyboard;
				INFOPLIST_KEY_UIMainStoryboardFile = Main;
				"INFOPLIST_KEY_UIStatusBarStyle[sdk=iphoneos*]" = UIStatusBarStyleDefault;
				"INFOPLIST_KEY_UIStatusBarStyle[sdk=iphonesimulator*]" = UIStatusBarStyleDefault;
				INFOPLIST_KEY_UISupportedInterfaceOrientations_iPad = "UIInterfaceOrientationPortrait UIInterfaceOrientationPortraitUpsideDown UIInterfaceOrientationLandscapeLeft UIInterfaceOrientationLandscapeRight";
				INFOPLIST_KEY_UISupportedInterfaceOrientations_iPhone = "UIInterfaceOrientationPortrait UIInterfaceOrientationLandscapeLeft UIInterfaceOrientationLandscapeRight";
				IPHONEOS_DEPLOYMENT_TARGET = 13.0;
				LD_RUNPATH_SEARCH_PATHS = "@executable_path/Frameworks";
				"LD_RUNPATH_SEARCH_PATHS[sdk=macosx*]" = "@executable_path/../Frameworks";
				MACOSX_DEPLOYMENT_TARGET = 12.6;
				MARKETING_VERSION = 1.0;
				PRODUCT_BUNDLE_IDENTIFIER = com.attentive.ExampleSwift;
				PRODUCT_NAME = "$(TARGET_NAME)";
				SDKROOT = auto;
				SUPPORTED_PLATFORMS = "iphoneos iphonesimulator macosx";
				SWIFT_EMIT_LOC_STRINGS = YES;
				SWIFT_OBJC_BRIDGING_HEADER = "ExampleSwift/attentive-ios-sdk-bridging-header.h";
				SWIFT_VERSION = 5.0;
				TARGETED_DEVICE_FAMILY = "1,2";
			};
			name = Release;
		};
/* End XCBuildConfiguration section */

/* Begin XCConfigurationList section */
		58389AA52987647900A31A35 /* Build configuration list for PBXProject "ExampleSwift" */ = {
			isa = XCConfigurationList;
			buildConfigurations = (
				58389AB72987647B00A31A35 /* Debug */,
				58389AB82987647B00A31A35 /* Release */,
			);
			defaultConfigurationIsVisible = 0;
			defaultConfigurationName = Release;
		};
		58389AB92987647B00A31A35 /* Build configuration list for PBXNativeTarget "ExampleSwift - Local" */ = {
			isa = XCConfigurationList;
			buildConfigurations = (
				58389ABA2987647B00A31A35 /* Debug */,
				58389ABB2987647B00A31A35 /* Release */,
			);
			defaultConfigurationIsVisible = 0;
			defaultConfigurationName = Release;
		};
		588EB7292995BC3A00C0163A /* Build configuration list for PBXNativeTarget "ExampleSwift - Pod" */ = {
			isa = XCConfigurationList;
			buildConfigurations = (
				588EB72A2995BC3A00C0163A /* Debug */,
				588EB72B2995BC3A00C0163A /* Release */,
			);
			defaultConfigurationIsVisible = 0;
			defaultConfigurationName = Release;
		};
/* End XCConfigurationList section */
	};
	rootObject = 58389AA22987647900A31A35 /* Project object */;
}
