{
  "object": {
    "pins": [
      {
        "package": "ATTNSDKFramework",
        "repositoryURL": "https://github.com/attentive-mobile/attentive-ios-sdk",
        "state": {
          "branch": "rsmith/support-swift",
          "revision": "407c7b377117ae72f2e6d9f5cd486525249639a1",
          "version": null
        }
      }
    ]
  },
  "version": 1
}
