{
  "object": {
    "pins": [
      {
        "package": "ATTNSDKFramework",
        "repositoryURL": "https://github.com/attentive-mobile/attentive-ios-sdk",
        "state": {
          "branch": "main",
          "revision": "cd9444f06c940efb6439044c3da6170c906d7a58",
          "version": null
        }
      }
    ]
  },
  "version": 1
}
