// !$*UTF8*$!
{
	archiveVersion = 1;
	classes = {
	};
	objectVersion = 55;
	objects = {

/* Begin PBXBuildFile section */
		5806DE7529774E0700C18FFA /* ProductViewController.m in Sources */ = {isa = PBXBuildFile; fileRef = 5806DE7429774E0700C18FFA /* ProductViewController.m */; };
		5806DE7629774E0700C18FFA /* ProductViewController.m in Sources */ = {isa = PBXBuildFile; fileRef = 5806DE7429774E0700C18FFA /* ProductViewController.m */; };
		58317968292EEEAA0003D6B0 /* (null) in Sources */ = {isa = PBXBuildFile; };
		58317969292EEEAA0003D6B0 /* ViewController.m in Sources */ = {isa = PBXBuildFile; fileRef = 69CCAF5628DCDE57007620BD /* ViewController.m */; };
		5831796A292EEEAA0003D6B0 /* AppDelegate.m in Sources */ = {isa = PBXBuildFile; fileRef = 69CCAF5028DCDE57007620BD /* AppDelegate.m */; };
		5831796D292EEEAA0003D6B0 /* main.m in Sources */ = {isa = PBXBuildFile; fileRef = 69CCAF6128DCDE5A007620BD /* main.m */; };
		5831796E292EEEAA0003D6B0 /* SceneDelegate.m in Sources */ = {isa = PBXBuildFile; fileRef = 69CCAF5328DCDE57007620BD /* SceneDelegate.m */; };
		58317972292EEEAA0003D6B0 /* LaunchScreen.storyboard in Resources */ = {isa = PBXBuildFile; fileRef = 69CCAF5D28DCDE5A007620BD /* LaunchScreen.storyboard */; };
		58317973292EEEAA0003D6B0 /* Assets.xcassets in Resources */ = {isa = PBXBuildFile; fileRef = 69CCAF5B28DCDE5A007620BD /* Assets.xcassets */; };
		58317974292EEEAA0003D6B0 /* Main.storyboard in Resources */ = {isa = PBXBuildFile; fileRef = 69CCAF5828DCDE57007620BD /* Main.storyboard */; };
		588B597529B94AB100E3BA33 /* attentive_ios_sdk_framework.framework in Frameworks */ = {isa = PBXBuildFile; fileRef = 588B597429B94AB100E3BA33 /* attentive_ios_sdk_framework.framework */; };
		588B597629B94AB100E3BA33 /* attentive_ios_sdk_framework.framework in Embed Frameworks */ = {isa = PBXBuildFile; fileRef = 588B597429B94AB100E3BA33 /* attentive_ios_sdk_framework.framework */; settings = {ATTRIBUTES = (CodeSignOnCopy, RemoveHeadersOnCopy, ); }; };
		58D52E3F292EDA1600CF32DE /* (null) in Sources */ = {isa = PBXBuildFile; };
		69CCAF5128DCDE57007620BD /* AppDelegate.m in Sources */ = {isa = PBXBuildFile; fileRef = 69CCAF5028DCDE57007620BD /* AppDelegate.m */; };
		69CCAF5428DCDE57007620BD /* SceneDelegate.m in Sources */ = {isa = PBXBuildFile; fileRef = 69CCAF5328DCDE57007620BD /* SceneDelegate.m */; };
		69CCAF5728DCDE57007620BD /* ViewController.m in Sources */ = {isa = PBXBuildFile; fileRef = 69CCAF5628DCDE57007620BD /* ViewController.m */; };
		69CCAF5A28DCDE57007620BD /* Main.storyboard in Resources */ = {isa = PBXBuildFile; fileRef = 69CCAF5828DCDE57007620BD /* Main.storyboard */; };
		69CCAF5C28DCDE5A007620BD /* Assets.xcassets in Resources */ = {isa = PBXBuildFile; fileRef = 69CCAF5B28DCDE5A007620BD /* Assets.xcassets */; };
		69CCAF5F28DCDE5A007620BD /* LaunchScreen.storyboard in Resources */ = {isa = PBXBuildFile; fileRef = 69CCAF5D28DCDE5A007620BD /* LaunchScreen.storyboard */; };
		69CCAF6228DCDE5A007620BD /* main.m in Sources */ = {isa = PBXBuildFile; fileRef = 69CCAF6128DCDE5A007620BD /* main.m */; };
		69D3C14C299EF2D10027934F /* CreativeUITest.m in Sources */ = {isa = PBXBuildFile; fileRef = 69D3C14B299EF2D10027934F /* CreativeUITest.m */; };
		FB51061A2BFE4A9700D9A72D /* XCUIElement+Extension.swift in Sources */ = {isa = PBXBuildFile; fileRef = FB5106192BFE4A9700D9A72D /* XCUIElement+Extension.swift */; };
		FBA017C92BFFE54400CB2969 /* XCTestCase+Extension.swift in Sources */ = {isa = PBXBuildFile; fileRef = FBA017C82BFFE54400CB2969 /* XCTestCase+Extension.swift */; };
/* End PBXBuildFile section */

/* Begin PBXContainerItemProxy section */
		69D3C14F299EF2D10027934F /* PBXContainerItemProxy */ = {
			isa = PBXContainerItemProxy;
			containerPortal = 69CCAF4428DCDE57007620BD /* Project object */;
			proxyType = 1;
			remoteGlobalIDString = 58317964292EEEAA0003D6B0;
			remoteInfo = "Example - Local";
		};
/* End PBXContainerItemProxy section */

/* Begin PBXCopyFilesBuildPhase section */
		58317996292EF6F70003D6B0 /* Embed Frameworks */ = {
			isa = PBXCopyFilesBuildPhase;
			buildActionMask = 2147483647;
			dstPath = "";
			dstSubfolderSpec = 10;
			files = (
				588B597629B94AB100E3BA33 /* attentive_ios_sdk_framework.framework in Embed Frameworks */,
			);
			name = "Embed Frameworks";
			runOnlyForDeploymentPostprocessing = 0;
		};
/* End PBXCopyFilesBuildPhase section */

/* Begin PBXFileReference section */
		5806DE7329774E0700C18FFA /* ProductViewController.h */ = {isa = PBXFileReference; lastKnownFileType = sourcecode.c.h; path = ProductViewController.h; sourceTree = "<group>"; };
		5806DE7429774E0700C18FFA /* ProductViewController.m */ = {isa = PBXFileReference; lastKnownFileType = sourcecode.c.objc; path = ProductViewController.m; sourceTree = "<group>"; };
		58317979292EEEAA0003D6B0 /* Example - Local.app */ = {isa = PBXFileReference; explicitFileType = wrapper.application; includeInIndex = 0; path = "Example - Local.app"; sourceTree = BUILT_PRODUCTS_DIR; };
		5831797A292EEEB30003D6B0 /* attentive_ios_sdk.framework */ = {isa = PBXFileReference; explicitFileType = wrapper.framework; path = attentive_ios_sdk.framework; sourceTree = BUILT_PRODUCTS_DIR; };
		58317993292EF6F70003D6B0 /* attentive_ios_sdk.framework */ = {isa = PBXFileReference; explicitFileType = wrapper.framework; path = attentive_ios_sdk.framework; sourceTree = BUILT_PRODUCTS_DIR; };
		583179B1292F60460003D6B0 /* ImportAttentiveSDK.h */ = {isa = PBXFileReference; lastKnownFileType = sourcecode.c.h; path = ImportAttentiveSDK.h; sourceTree = "<group>"; };
		588B597429B94AB100E3BA33 /* attentive_ios_sdk_framework.framework */ = {isa = PBXFileReference; explicitFileType = wrapper.framework; path = attentive_ios_sdk_framework.framework; sourceTree = BUILT_PRODUCTS_DIR; };
		69CCAF4C28DCDE57007620BD /* Example - Pod.app */ = {isa = PBXFileReference; explicitFileType = wrapper.application; includeInIndex = 0; path = "Example - Pod.app"; sourceTree = BUILT_PRODUCTS_DIR; };
		69CCAF4F28DCDE57007620BD /* AppDelegate.h */ = {isa = PBXFileReference; lastKnownFileType = sourcecode.c.h; path = AppDelegate.h; sourceTree = "<group>"; };
		69CCAF5028DCDE57007620BD /* AppDelegate.m */ = {isa = PBXFileReference; lastKnownFileType = sourcecode.c.objc; path = AppDelegate.m; sourceTree = "<group>"; };
		69CCAF5228DCDE57007620BD /* SceneDelegate.h */ = {isa = PBXFileReference; lastKnownFileType = sourcecode.c.h; path = SceneDelegate.h; sourceTree = "<group>"; };
		69CCAF5328DCDE57007620BD /* SceneDelegate.m */ = {isa = PBXFileReference; lastKnownFileType = sourcecode.c.objc; path = SceneDelegate.m; sourceTree = "<group>"; };
		69CCAF5528DCDE57007620BD /* ViewController.h */ = {isa = PBXFileReference; lastKnownFileType = sourcecode.c.h; path = ViewController.h; sourceTree = "<group>"; };
		69CCAF5628DCDE57007620BD /* ViewController.m */ = {isa = PBXFileReference; lastKnownFileType = sourcecode.c.objc; path = ViewController.m; sourceTree = "<group>"; };
		69CCAF5928DCDE57007620BD /* Base */ = {isa = PBXFileReference; lastKnownFileType = file.storyboard; name = Base; path = Base.lproj/Main.storyboard; sourceTree = "<group>"; };
		69CCAF5B28DCDE5A007620BD /* Assets.xcassets */ = {isa = PBXFileReference; lastKnownFileType = folder.assetcatalog; path = Assets.xcassets; sourceTree = "<group>"; };
		69CCAF5E28DCDE5A007620BD /* Base */ = {isa = PBXFileReference; lastKnownFileType = file.storyboard; name = Base; path = Base.lproj/LaunchScreen.storyboard; sourceTree = "<group>"; };
		69CCAF6028DCDE5A007620BD /* Info.plist */ = {isa = PBXFileReference; lastKnownFileType = text.plist.xml; path = Info.plist; sourceTree = "<group>"; };
		69CCAF6128DCDE5A007620BD /* main.m */ = {isa = PBXFileReference; lastKnownFileType = sourcecode.c.objc; path = main.m; sourceTree = "<group>"; };
		69D3C149299EF2D10027934F /* CreativeUITest.xctest */ = {isa = PBXFileReference; explicitFileType = wrapper.cfbundle; includeInIndex = 0; path = CreativeUITest.xctest; sourceTree = BUILT_PRODUCTS_DIR; };
		69D3C14B299EF2D10027934F /* CreativeUITest.m */ = {isa = PBXFileReference; lastKnownFileType = sourcecode.c.objc; path = CreativeUITest.m; sourceTree = "<group>"; };
		FB5106182BFE4A9700D9A72D /* CreativeUITest-Bridging-Header.h */ = {isa = PBXFileReference; lastKnownFileType = sourcecode.c.h; path = "CreativeUITest-Bridging-Header.h"; sourceTree = "<group>"; };
		FB5106192BFE4A9700D9A72D /* XCUIElement+Extension.swift */ = {isa = PBXFileReference; lastKnownFileType = sourcecode.swift; path = "XCUIElement+Extension.swift"; sourceTree = "<group>"; };
		FBA017C82BFFE54400CB2969 /* XCTestCase+Extension.swift */ = {isa = PBXFileReference; lastKnownFileType = sourcecode.swift; path = "XCTestCase+Extension.swift"; sourceTree = "<group>"; };
/* End PBXFileReference section */

/* Begin PBXFrameworksBuildPhase section */
		5831796F292EEEAA0003D6B0 /* Frameworks */ = {
			isa = PBXFrameworksBuildPhase;
			buildActionMask = 2147483647;
			files = (
				588B597529B94AB100E3BA33 /* attentive_ios_sdk_framework.framework in Frameworks */,
			);
			runOnlyForDeploymentPostprocessing = 0;
		};
		69CCAF4928DCDE57007620BD /* Frameworks */ = {
			isa = PBXFrameworksBuildPhase;
			buildActionMask = 2147483647;
			files = (
			);
			runOnlyForDeploymentPostprocessing = 0;
		};
		69D3C146299EF2D10027934F /* Frameworks */ = {
			isa = PBXFrameworksBuildPhase;
			buildActionMask = 2147483647;
			files = (
			);
			runOnlyForDeploymentPostprocessing = 0;
		};
/* End PBXFrameworksBuildPhase section */

/* Begin PBXGroup section */
		4797A0BBB7B61A357A9017A0 /* Frameworks */ = {
			isa = PBXGroup;
			children = (
				588B597429B94AB100E3BA33 /* attentive_ios_sdk_framework.framework */,
				58317993292EF6F70003D6B0 /* attentive_ios_sdk.framework */,
				5831797A292EEEB30003D6B0 /* attentive_ios_sdk.framework */,
			);
			name = Frameworks;
			sourceTree = "<group>";
		};
		58D52E24292EC9D400CF32DE /* Supporting Files */ = {
			isa = PBXGroup;
			children = (
				69CCAF6128DCDE5A007620BD /* main.m */,
				69CCAF5828DCDE57007620BD /* Main.storyboard */,
				69CCAF5B28DCDE5A007620BD /* Assets.xcassets */,
				69CCAF5D28DCDE5A007620BD /* LaunchScreen.storyboard */,
				69CCAF6028DCDE5A007620BD /* Info.plist */,
			);
			name = "Supporting Files";
			sourceTree = "<group>";
		};
		69CCAF4328DCDE57007620BD = {
			isa = PBXGroup;
			children = (
				69CCAF4E28DCDE57007620BD /* Example */,
				58D52E24292EC9D400CF32DE /* Supporting Files */,
				69D3C14A299EF2D10027934F /* CreativeUITest */,
				69CCAF4D28DCDE57007620BD /* Products */,
				EDCC1EF80CD40101E2B817BD /* Pods */,
				4797A0BBB7B61A357A9017A0 /* Frameworks */,
			);
			sourceTree = "<group>";
		};
		69CCAF4D28DCDE57007620BD /* Products */ = {
			isa = PBXGroup;
			children = (
				69CCAF4C28DCDE57007620BD /* Example - Pod.app */,
				58317979292EEEAA0003D6B0 /* Example - Local.app */,
				69D3C149299EF2D10027934F /* CreativeUITest.xctest */,
			);
			name = Products;
			sourceTree = "<group>";
		};
		69CCAF4E28DCDE57007620BD /* Example */ = {
			isa = PBXGroup;
			children = (
				69CCAF4F28DCDE57007620BD /* AppDelegate.h */,
				69CCAF5028DCDE57007620BD /* AppDelegate.m */,
				69CCAF5228DCDE57007620BD /* SceneDelegate.h */,
				69CCAF5328DCDE57007620BD /* SceneDelegate.m */,
				69CCAF5528DCDE57007620BD /* ViewController.h */,
				69CCAF5628DCDE57007620BD /* ViewController.m */,
				5806DE7329774E0700C18FFA /* ProductViewController.h */,
				5806DE7429774E0700C18FFA /* ProductViewController.m */,
				583179B1292F60460003D6B0 /* ImportAttentiveSDK.h */,
			);
			path = Example;
			sourceTree = "<group>";
		};
		69D3C14A299EF2D10027934F /* CreativeUITest */ = {
			isa = PBXGroup;
			children = (
				FBA017CA2BFFE70500CB2969 /* Extensions */,
				69D3C14B299EF2D10027934F /* CreativeUITest.m */,
				FB5106182BFE4A9700D9A72D /* CreativeUITest-Bridging-Header.h */,
			);
			path = CreativeUITest;
			sourceTree = "<group>";
		};
		EDCC1EF80CD40101E2B817BD /* Pods */ = {
			isa = PBXGroup;
			children = (
			);
			path = Pods;
			sourceTree = "<group>";
		};
		FBA017CA2BFFE70500CB2969 /* Extensions */ = {
			isa = PBXGroup;
			children = (
				FB5106192BFE4A9700D9A72D /* XCUIElement+Extension.swift */,
				FBA017C82BFFE54400CB2969 /* XCTestCase+Extension.swift */,
			);
			path = Extensions;
			sourceTree = "<group>";
		};
/* End PBXGroup section */

/* Begin PBXNativeTarget section */
		58317964292EEEAA0003D6B0 /* Example - Local */ = {
			isa = PBXNativeTarget;
			buildConfigurationList = 58317976292EEEAA0003D6B0 /* Build configuration list for PBXNativeTarget "Example - Local" */;
			buildPhases = (
				58317966292EEEAA0003D6B0 /* Sources */,
				5831796F292EEEAA0003D6B0 /* Frameworks */,
				58317971292EEEAA0003D6B0 /* Resources */,
				58317996292EF6F70003D6B0 /* Embed Frameworks */,
			);
			buildRules = (
			);
			dependencies = (
			);
			name = "Example - Local";
			productName = Example;
			productReference = 58317979292EEEAA0003D6B0 /* Example - Local.app */;
			productType = "com.apple.product-type.application";
		};
		69CCAF4B28DCDE57007620BD /* Example - Pod */ = {
			isa = PBXNativeTarget;
			buildConfigurationList = 69CCAF6528DCDE5A007620BD /* Build configuration list for PBXNativeTarget "Example - Pod" */;
			buildPhases = (
				69CCAF4828DCDE57007620BD /* Sources */,
				69CCAF4928DCDE57007620BD /* Frameworks */,
				69CCAF4A28DCDE57007620BD /* Resources */,
			);
			buildRules = (
			);
			dependencies = (
			);
			name = "Example - Pod";
			productName = Example;
			productReference = 69CCAF4C28DCDE57007620BD /* Example - Pod.app */;
			productType = "com.apple.product-type.application";
		};
		69D3C148299EF2D10027934F /* CreativeUITest */ = {
			isa = PBXNativeTarget;
			buildConfigurationList = 69D3C153299EF2D10027934F /* Build configuration list for PBXNativeTarget "CreativeUITest" */;
			buildPhases = (
				69D3C145299EF2D10027934F /* Sources */,
				69D3C146299EF2D10027934F /* Frameworks */,
				69D3C147299EF2D10027934F /* Resources */,
			);
			buildRules = (
			);
			dependencies = (
				69D3C150299EF2D10027934F /* PBXTargetDependency */,
			);
			name = CreativeUITest;
			productName = CreativeUITest;
			productReference = 69D3C149299EF2D10027934F /* CreativeUITest.xctest */;
			productType = "com.apple.product-type.bundle.ui-testing";
		};
/* End PBXNativeTarget section */

/* Begin PBXProject section */
		69CCAF4428DCDE57007620BD /* Project object */ = {
			isa = PBXProject;
			attributes = {
				BuildIndependentTargetsInParallel = 1;
				LastUpgradeCheck = 1320;
				TargetAttributes = {
					69CCAF4B28DCDE57007620BD = {
						CreatedOnToolsVersion = 13.2;
					};
					69D3C148299EF2D10027934F = {
						CreatedOnToolsVersion = 14.2;
						LastSwiftMigration = 1530;
						TestTargetID = 58317964292EEEAA0003D6B0;
					};
				};
			};
			buildConfigurationList = 69CCAF4728DCDE57007620BD /* Build configuration list for PBXProject "Example" */;
			compatibilityVersion = "Xcode 13.0";
			developmentRegion = en;
			hasScannedForEncodings = 0;
			knownRegions = (
				en,
				Base,
			);
			mainGroup = 69CCAF4328DCDE57007620BD;
			productRefGroup = 69CCAF4D28DCDE57007620BD /* Products */;
			projectDirPath = "";
			projectRoot = "";
			targets = (
				58317964292EEEAA0003D6B0 /* Example - Local */,
				69CCAF4B28DCDE57007620BD /* Example - Pod */,
				69D3C148299EF2D10027934F /* CreativeUITest */,
			);
		};
/* End PBXProject section */

/* Begin PBXResourcesBuildPhase section */
		58317971292EEEAA0003D6B0 /* Resources */ = {
			isa = PBXResourcesBuildPhase;
			buildActionMask = 2147483647;
			files = (
				58317972292EEEAA0003D6B0 /* LaunchScreen.storyboard in Resources */,
				58317973292EEEAA0003D6B0 /* Assets.xcassets in Resources */,
				58317974292EEEAA0003D6B0 /* Main.storyboard in Resources */,
			);
			runOnlyForDeploymentPostprocessing = 0;
		};
		69CCAF4A28DCDE57007620BD /* Resources */ = {
			isa = PBXResourcesBuildPhase;
			buildActionMask = 2147483647;
			files = (
				69CCAF5F28DCDE5A007620BD /* LaunchScreen.storyboard in Resources */,
				69CCAF5C28DCDE5A007620BD /* Assets.xcassets in Resources */,
				69CCAF5A28DCDE57007620BD /* Main.storyboard in Resources */,
			);
			runOnlyForDeploymentPostprocessing = 0;
		};
		69D3C147299EF2D10027934F /* Resources */ = {
			isa = PBXResourcesBuildPhase;
			buildActionMask = 2147483647;
			files = (
			);
			runOnlyForDeploymentPostprocessing = 0;
		};
/* End PBXResourcesBuildPhase section */

/* Begin PBXSourcesBuildPhase section */
		58317966292EEEAA0003D6B0 /* Sources */ = {
			isa = PBXSourcesBuildPhase;
			buildActionMask = 2147483647;
			files = (
				5806DE7629774E0700C18FFA /* ProductViewController.m in Sources */,
				58317968292EEEAA0003D6B0 /* (null) in Sources */,
				58317969292EEEAA0003D6B0 /* ViewController.m in Sources */,
				5831796A292EEEAA0003D6B0 /* AppDelegate.m in Sources */,
				5831796D292EEEAA0003D6B0 /* main.m in Sources */,
				5831796E292EEEAA0003D6B0 /* SceneDelegate.m in Sources */,
			);
			runOnlyForDeploymentPostprocessing = 0;
		};
		69CCAF4828DCDE57007620BD /* Sources */ = {
			isa = PBXSourcesBuildPhase;
			buildActionMask = 2147483647;
			files = (
				5806DE7529774E0700C18FFA /* ProductViewController.m in Sources */,
				58D52E3F292EDA1600CF32DE /* (null) in Sources */,
				69CCAF5728DCDE57007620BD /* ViewController.m in Sources */,
				69CCAF5128DCDE57007620BD /* AppDelegate.m in Sources */,
				69CCAF6228DCDE5A007620BD /* main.m in Sources */,
				69CCAF5428DCDE57007620BD /* SceneDelegate.m in Sources */,
			);
			runOnlyForDeploymentPostprocessing = 0;
		};
		69D3C145299EF2D10027934F /* Sources */ = {
			isa = PBXSourcesBuildPhase;
			buildActionMask = 2147483647;
			files = (
				FBA017C92BFFE54400CB2969 /* XCTestCase+Extension.swift in Sources */,
				69D3C14C299EF2D10027934F /* CreativeUITest.m in Sources */,
				FB51061A2BFE4A9700D9A72D /* XCUIElement+Extension.swift in Sources */,
			);
			runOnlyForDeploymentPostprocessing = 0;
		};
/* End PBXSourcesBuildPhase section */

/* Begin PBXTargetDependency section */
		69D3C150299EF2D10027934F /* PBXTargetDependency */ = {
			isa = PBXTargetDependency;
			target = 58317964292EEEAA0003D6B0 /* Example - Local */;
			targetProxy = 69D3C14F299EF2D10027934F /* PBXContainerItemProxy */;
		};
/* End PBXTargetDependency section */

/* Begin PBXVariantGroup section */
		69CCAF5828DCDE57007620BD /* Main.storyboard */ = {
			isa = PBXVariantGroup;
			children = (
				69CCAF5928DCDE57007620BD /* Base */,
			);
			name = Main.storyboard;
			sourceTree = "<group>";
		};
		69CCAF5D28DCDE5A007620BD /* LaunchScreen.storyboard */ = {
			isa = PBXVariantGroup;
			children = (
				69CCAF5E28DCDE5A007620BD /* Base */,
			);
			name = LaunchScreen.storyboard;
			sourceTree = "<group>";
		};
/* End PBXVariantGroup section */

/* Begin XCBuildConfiguration section */
		58317977292EEEAA0003D6B0 /* Debug */ = {
			isa = XCBuildConfiguration;
			buildSettings = {
				ASSETCATALOG_COMPILER_APPICON_NAME = AppIcon;
				ASSETCATALOG_COMPILER_GLOBAL_ACCENT_COLOR_NAME = AccentColor;
				CODE_SIGN_IDENTITY = "Apple Development";
				CODE_SIGN_STYLE = Automatic;
				CURRENT_PROJECT_VERSION = 1;
				DEVELOPMENT_TEAM = SP5WN9647Z;
				GENERATE_INFOPLIST_FILE = YES;
				INFOPLIST_FILE = Info.plist;
				INFOPLIST_KEY_UIApplicationSupportsIndirectInputEvents = YES;
				INFOPLIST_KEY_UILaunchStoryboardName = LaunchScreen;
				INFOPLIST_KEY_UIMainStoryboardFile = Main;
				INFOPLIST_KEY_UIStatusBarStyle = "";
				INFOPLIST_KEY_UISupportedInterfaceOrientations_iPad = "UIInterfaceOrientationPortrait UIInterfaceOrientationPortraitUpsideDown UIInterfaceOrientationLandscapeLeft UIInterfaceOrientationLandscapeRight";
				INFOPLIST_KEY_UISupportedInterfaceOrientations_iPhone = "UIInterfaceOrientationPortrait UIInterfaceOrientationLandscapeLeft UIInterfaceOrientationLandscapeRight";
				IPHONEOS_DEPLOYMENT_TARGET = 13.0;
				LD_RUNPATH_SEARCH_PATHS = (
					"$(inherited)",
					"@executable_path/Frameworks",
				);
				MARKETING_VERSION = 1.0;
				PRODUCT_BUNDLE_IDENTIFIER = com.attentive.Example;
				PRODUCT_NAME = "$(TARGET_NAME)";
				PROVISIONING_PROFILE_SPECIFIER = "";
				SWIFT_EMIT_LOC_STRINGS = YES;
				TARGETED_DEVICE_FAMILY = "1,2";
			};
			name = Debug;
		};
		58317978292EEEAA0003D6B0 /* Release */ = {
			isa = XCBuildConfiguration;
			buildSettings = {
				ASSETCATALOG_COMPILER_APPICON_NAME = AppIcon;
				ASSETCATALOG_COMPILER_GLOBAL_ACCENT_COLOR_NAME = AccentColor;
				CODE_SIGN_IDENTITY = "Apple Development";
				CODE_SIGN_STYLE = Automatic;
				CURRENT_PROJECT_VERSION = 1;
				DEVELOPMENT_TEAM = "";
				GENERATE_INFOPLIST_FILE = YES;
				INFOPLIST_FILE = Info.plist;
				INFOPLIST_KEY_UIApplicationSupportsIndirectInputEvents = YES;
				INFOPLIST_KEY_UILaunchStoryboardName = LaunchScreen;
				INFOPLIST_KEY_UIMainStoryboardFile = Main;
				INFOPLIST_KEY_UIStatusBarStyle = "";
				INFOPLIST_KEY_UISupportedInterfaceOrientations_iPad = "UIInterfaceOrientationPortrait UIInterfaceOrientationPortraitUpsideDown UIInterfaceOrientationLandscapeLeft UIInterfaceOrientationLandscapeRight";
				INFOPLIST_KEY_UISupportedInterfaceOrientations_iPhone = "UIInterfaceOrientationPortrait UIInterfaceOrientationLandscapeLeft UIInterfaceOrientationLandscapeRight";
				IPHONEOS_DEPLOYMENT_TARGET = 13.0;
				LD_RUNPATH_SEARCH_PATHS = (
					"$(inherited)",
					"@executable_path/Frameworks",
				);
				MARKETING_VERSION = 1.0;
				PRODUCT_BUNDLE_IDENTIFIER = com.attentive.Example;
				PRODUCT_NAME = "$(TARGET_NAME)";
				PROVISIONING_PROFILE_SPECIFIER = "";
				SWIFT_EMIT_LOC_STRINGS = YES;
				TARGETED_DEVICE_FAMILY = "1,2";
			};
			name = Release;
		};
		69CCAF6328DCDE5A007620BD /* Debug */ = {
			isa = XCBuildConfiguration;
			buildSettings = {
				ALWAYS_SEARCH_USER_PATHS = NO;
				CLANG_ANALYZER_NONNULL = YES;
				CLANG_ANALYZER_NUMBER_OBJECT_CONVERSION = YES_AGGRESSIVE;
				CLANG_CXX_LANGUAGE_STANDARD = "gnu++17";
				CLANG_CXX_LIBRARY = "libc++";
				CLANG_ENABLE_MODULES = YES;
				CLANG_ENABLE_OBJC_ARC = YES;
				CLANG_ENABLE_OBJC_WEAK = YES;
				CLANG_WARN_BLOCK_CAPTURE_AUTORELEASING = YES;
				CLANG_WARN_BOOL_CONVERSION = YES;
				CLANG_WARN_COMMA = YES;
				CLANG_WARN_CONSTANT_CONVERSION = YES;
				CLANG_WARN_DEPRECATED_OBJC_IMPLEMENTATIONS = YES;
				CLANG_WARN_DIRECT_OBJC_ISA_USAGE = YES_ERROR;
				CLANG_WARN_DOCUMENTATION_COMMENTS = YES;
				CLANG_WARN_EMPTY_BODY = YES;
				CLANG_WARN_ENUM_CONVERSION = YES;
				CLANG_WARN_INFINITE_RECURSION = YES;
				CLANG_WARN_INT_CONVERSION = YES;
				CLANG_WARN_NON_LITERAL_NULL_CONVERSION = YES;
				CLANG_WARN_OBJC_IMPLICIT_RETAIN_SELF = YES;
				CLANG_WARN_OBJC_LITERAL_CONVERSION = YES;
				CLANG_WARN_OBJC_ROOT_CLASS = YES_ERROR;
				CLANG_WARN_QUOTED_INCLUDE_IN_FRAMEWORK_HEADER = NO;
				CLANG_WARN_RANGE_LOOP_ANALYSIS = YES;
				CLANG_WARN_STRICT_PROTOTYPES = YES;
				CLANG_WARN_SUSPICIOUS_MOVE = YES;
				CLANG_WARN_UNGUARDED_AVAILABILITY = YES_AGGRESSIVE;
				CLANG_WARN_UNREACHABLE_CODE = YES;
				CLANG_WARN__DUPLICATE_METHOD_MATCH = YES;
				COPY_PHASE_STRIP = NO;
				DEBUG_INFORMATION_FORMAT = dwarf;
				ENABLE_STRICT_OBJC_MSGSEND = YES;
				ENABLE_TESTABILITY = YES;
				GCC_C_LANGUAGE_STANDARD = gnu11;
				GCC_DYNAMIC_NO_PIC = NO;
				GCC_NO_COMMON_BLOCKS = YES;
				GCC_OPTIMIZATION_LEVEL = 0;
				GCC_PREPROCESSOR_DEFINITIONS = (
					"DEBUG=1",
					"$(inherited)",
				);
				GCC_WARN_64_TO_32_BIT_CONVERSION = YES;
				GCC_WARN_ABOUT_RETURN_TYPE = YES_ERROR;
				GCC_WARN_UNDECLARED_SELECTOR = YES;
				GCC_WARN_UNINITIALIZED_AUTOS = YES_AGGRESSIVE;
				GCC_WARN_UNUSED_FUNCTION = YES;
				GCC_WARN_UNUSED_VARIABLE = YES;
				IPHONEOS_DEPLOYMENT_TARGET = 13.0;
				MTL_ENABLE_DEBUG_INFO = INCLUDE_SOURCE;
				MTL_FAST_MATH = YES;
				ONLY_ACTIVE_ARCH = YES;
				SDKROOT = iphoneos;
			};
			name = Debug;
		};
		69CCAF6428DCDE5A007620BD /* Release */ = {
			isa = XCBuildConfiguration;
			buildSettings = {
				ALWAYS_SEARCH_USER_PATHS = NO;
				CLANG_ANALYZER_NONNULL = YES;
				CLANG_ANALYZER_NUMBER_OBJECT_CONVERSION = YES_AGGRESSIVE;
				CLANG_CXX_LANGUAGE_STANDARD = "gnu++17";
				CLANG_CXX_LIBRARY = "libc++";
				CLANG_ENABLE_MODULES = YES;
				CLANG_ENABLE_OBJC_ARC = YES;
				CLANG_ENABLE_OBJC_WEAK = YES;
				CLANG_WARN_BLOCK_CAPTURE_AUTORELEASING = YES;
				CLANG_WARN_BOOL_CONVERSION = YES;
				CLANG_WARN_COMMA = YES;
				CLANG_WARN_CONSTANT_CONVERSION = YES;
				CLANG_WARN_DEPRECATED_OBJC_IMPLEMENTATIONS = YES;
				CLANG_WARN_DIRECT_OBJC_ISA_USAGE = YES_ERROR;
				CLANG_WARN_DOCUMENTATION_COMMENTS = YES;
				CLANG_WARN_EMPTY_BODY = YES;
				CLANG_WARN_ENUM_CONVERSION = YES;
				CLANG_WARN_INFINITE_RECURSION = YES;
				CLANG_WARN_INT_CONVERSION = YES;
				CLANG_WARN_NON_LITERAL_NULL_CONVERSION = YES;
				CLANG_WARN_OBJC_IMPLICIT_RETAIN_SELF = YES;
				CLANG_WARN_OBJC_LITERAL_CONVERSION = YES;
				CLANG_WARN_OBJC_ROOT_CLASS = YES_ERROR;
				CLANG_WARN_QUOTED_INCLUDE_IN_FRAMEWORK_HEADER = NO;
				CLANG_WARN_RANGE_LOOP_ANALYSIS = YES;
				CLANG_WARN_STRICT_PROTOTYPES = YES;
				CLANG_WARN_SUSPICIOUS_MOVE = YES;
				CLANG_WARN_UNGUARDED_AVAILABILITY = YES_AGGRESSIVE;
				CLANG_WARN_UNREACHABLE_CODE = YES;
				CLANG_WARN__DUPLICATE_METHOD_MATCH = YES;
				COPY_PHASE_STRIP = NO;
				DEBUG_INFORMATION_FORMAT = "dwarf-with-dsym";
				ENABLE_NS_ASSERTIONS = NO;
				ENABLE_STRICT_OBJC_MSGSEND = YES;
				GCC_C_LANGUAGE_STANDARD = gnu11;
				GCC_NO_COMMON_BLOCKS = YES;
				GCC_WARN_64_TO_32_BIT_CONVERSION = YES;
				GCC_WARN_ABOUT_RETURN_TYPE = YES_ERROR;
				GCC_WARN_UNDECLARED_SELECTOR = YES;
				GCC_WARN_UNINITIALIZED_AUTOS = YES_AGGRESSIVE;
				GCC_WARN_UNUSED_FUNCTION = YES;
				GCC_WARN_UNUSED_VARIABLE = YES;
				IPHONEOS_DEPLOYMENT_TARGET = 13.0;
				MTL_ENABLE_DEBUG_INFO = NO;
				MTL_FAST_MATH = YES;
				SDKROOT = iphoneos;
				VALIDATE_PRODUCT = YES;
			};
			name = Release;
		};
		69CCAF6628DCDE5A007620BD /* Debug */ = {
			isa = XCBuildConfiguration;
			buildSettings = {
				ASSETCATALOG_COMPILER_APPICON_NAME = AppIcon;
				ASSETCATALOG_COMPILER_GLOBAL_ACCENT_COLOR_NAME = AccentColor;
				CODE_SIGN_STYLE = Automatic;
				CURRENT_PROJECT_VERSION = 1;
				DEVELOPMENT_TEAM = SP5WN9647Z;
				GENERATE_INFOPLIST_FILE = YES;
				INFOPLIST_FILE = Info.plist;
				INFOPLIST_KEY_UIApplicationSupportsIndirectInputEvents = YES;
				INFOPLIST_KEY_UILaunchStoryboardName = LaunchScreen;
				INFOPLIST_KEY_UIMainStoryboardFile = Main;
				INFOPLIST_KEY_UISupportedInterfaceOrientations_iPad = "UIInterfaceOrientationPortrait UIInterfaceOrientationPortraitUpsideDown UIInterfaceOrientationLandscapeLeft UIInterfaceOrientationLandscapeRight";
				INFOPLIST_KEY_UISupportedInterfaceOrientations_iPhone = "UIInterfaceOrientationPortrait UIInterfaceOrientationLandscapeLeft UIInterfaceOrientationLandscapeRight";
				IPHONEOS_DEPLOYMENT_TARGET = 13.0;
				LD_RUNPATH_SEARCH_PATHS = (
					"$(inherited)",
					"@executable_path/Frameworks",
				);
				MARKETING_VERSION = 1.0;
				OTHER_LDFLAGS = "$(inherited)";
				PRODUCT_BUNDLE_IDENTIFIER = com.attentive.Example;
				PRODUCT_NAME = "$(TARGET_NAME)";
				SWIFT_EMIT_LOC_STRINGS = YES;
				TARGETED_DEVICE_FAMILY = 1;
			};
			name = Debug;
		};
		69CCAF6728DCDE5A007620BD /* Release */ = {
			isa = XCBuildConfiguration;
			buildSettings = {
				ASSETCATALOG_COMPILER_APPICON_NAME = AppIcon;
				ASSETCATALOG_COMPILER_GLOBAL_ACCENT_COLOR_NAME = AccentColor;
				CODE_SIGN_STYLE = Automatic;
				CURRENT_PROJECT_VERSION = 1;
				DEVELOPMENT_TEAM = "";
				GENERATE_INFOPLIST_FILE = YES;
				INFOPLIST_FILE = Info.plist;
				INFOPLIST_KEY_UIApplicationSupportsIndirectInputEvents = YES;
				INFOPLIST_KEY_UILaunchStoryboardName = LaunchScreen;
				INFOPLIST_KEY_UIMainStoryboardFile = Main;
				INFOPLIST_KEY_UISupportedInterfaceOrientations_iPad = "UIInterfaceOrientationPortrait UIInterfaceOrientationPortraitUpsideDown UIInterfaceOrientationLandscapeLeft UIInterfaceOrientationLandscapeRight";
				INFOPLIST_KEY_UISupportedInterfaceOrientations_iPhone = "UIInterfaceOrientationPortrait UIInterfaceOrientationLandscapeLeft UIInterfaceOrientationLandscapeRight";
				IPHONEOS_DEPLOYMENT_TARGET = 13.0;
				LD_RUNPATH_SEARCH_PATHS = (
					"$(inherited)",
					"@executable_path/Frameworks",
				);
				MARKETING_VERSION = 1.0;
				OTHER_LDFLAGS = "$(inherited)";
				PRODUCT_BUNDLE_IDENTIFIER = com.attentive.Example;
				PRODUCT_NAME = "$(TARGET_NAME)";
				SWIFT_EMIT_LOC_STRINGS = YES;
				TARGETED_DEVICE_FAMILY = 1;
			};
			name = Release;
		};
		69D3C151299EF2D10027934F /* Debug */ = {
			isa = XCBuildConfiguration;
			buildSettings = {
				CLANG_CXX_LANGUAGE_STANDARD = "gnu++20";
				CLANG_ENABLE_MODULES = YES;
				CLANG_WARN_QUOTED_INCLUDE_IN_FRAMEWORK_HEADER = YES;
				CODE_SIGN_IDENTITY = "Apple Development";
				"CODE_SIGN_IDENTITY[sdk=macosx*]" = "-";
				CODE_SIGN_STYLE = Automatic;
				CURRENT_PROJECT_VERSION = 1;
				DEVELOPMENT_TEAM = SP5WN9647Z;
				FRAMEWORK_SEARCH_PATHS = "";
				GENERATE_INFOPLIST_FILE = YES;
				HEADER_SEARCH_PATHS = "";
				IPHONEOS_DEPLOYMENT_TARGET = 13.0;
				LD_RUNPATH_SEARCH_PATHS = (
					"$(inherited)",
					"$(LD_RUNPATH_SEARCH_PATHS_SHALLOW_BUNDLE_$(SHALLOW_BUNDLE))",
				);
				LIBRARY_SEARCH_PATHS = "";
				MACH_O_TYPE = mh_bundle;
				MACOSX_DEPLOYMENT_TARGET = 12.6;
				MARKETING_VERSION = 1.0;
				OTHER_LDFLAGS = (
					"$(inherited)",
					"-ObjC",
					"-framework",
					XCTest,
				);
				PRODUCT_BUNDLE_IDENTIFIER = com.attentive.Example.CreativeUITest;
				PRODUCT_NAME = "$(TARGET_NAME)";
				PROVISIONING_PROFILE_SPECIFIER = "";
				SWIFT_EMIT_LOC_STRINGS = NO;
				SWIFT_OBJC_BRIDGING_HEADER = "CreativeUITest/CreativeUITest-Bridging-Header.h";
				SWIFT_OPTIMIZATION_LEVEL = "-Onone";
				SWIFT_VERSION = 5.0;
				TARGETED_DEVICE_FAMILY = "1,2";
				TEST_TARGET_NAME = "Example - Local";
			};
			name = Debug;
		};
		69D3C152299EF2D10027934F /* Release */ = {
			isa = XCBuildConfiguration;
			buildSettings = {
				CLANG_CXX_LANGUAGE_STANDARD = "gnu++20";
				CLANG_ENABLE_MODULES = YES;
				CLANG_WARN_QUOTED_INCLUDE_IN_FRAMEWORK_HEADER = YES;
				CODE_SIGN_IDENTITY = "Apple Development";
				"CODE_SIGN_IDENTITY[sdk=macosx*]" = "-";
				CODE_SIGN_STYLE = Automatic;
				CURRENT_PROJECT_VERSION = 1;
				DEVELOPMENT_TEAM = "";
				FRAMEWORK_SEARCH_PATHS = "";
				GENERATE_INFOPLIST_FILE = YES;
				HEADER_SEARCH_PATHS = "";
				IPHONEOS_DEPLOYMENT_TARGET = 13.0;
				LD_RUNPATH_SEARCH_PATHS = (
					"$(inherited)",
					"$(LD_RUNPATH_SEARCH_PATHS_SHALLOW_BUNDLE_$(SHALLOW_BUNDLE))",
				);
				LIBRARY_SEARCH_PATHS = "";
				MACH_O_TYPE = mh_bundle;
				MACOSX_DEPLOYMENT_TARGET = 12.6;
				MARKETING_VERSION = 1.0;
				OTHER_LDFLAGS = (
					"$(inherited)",
					"-ObjC",
					"-framework",
					XCTest,
				);
				PRODUCT_BUNDLE_IDENTIFIER = com.attentive.Example.CreativeUITest;
				PRODUCT_NAME = "$(TARGET_NAME)";
				PROVISIONING_PROFILE_SPECIFIER = "";
				SWIFT_EMIT_LOC_STRINGS = NO;
				SWIFT_OBJC_BRIDGING_HEADER = "CreativeUITest/CreativeUITest-Bridging-Header.h";
				SWIFT_VERSION = 5.0;
				TARGETED_DEVICE_FAMILY = "1,2";
				TEST_TARGET_NAME = "Example - Local";
			};
			name = Release;
		};
/* End XCBuildConfiguration section */

/* Begin XCConfigurationList section */
		58317976292EEEAA0003D6B0 /* Build configuration list for PBXNativeTarget "Example - Local" */ = {
			isa = XCConfigurationList;
			buildConfigurations = (
				58317977292EEEAA0003D6B0 /* Debug */,
				58317978292EEEAA0003D6B0 /* Release */,
			);
			defaultConfigurationIsVisible = 0;
			defaultConfigurationName = Release;
		};
		69CCAF4728DCDE57007620BD /* Build configuration list for PBXProject "Example" */ = {
			isa = XCConfigurationList;
			buildConfigurations = (
				69CCAF6328DCDE5A007620BD /* Debug */,
				69CCAF6428DCDE5A007620BD /* Release */,
			);
			defaultConfigurationIsVisible = 0;
			defaultConfigurationName = Release;
		};
		69CCAF6528DCDE5A007620BD /* Build configuration list for PBXNativeTarget "Example - Pod" */ = {
			isa = XCConfigurationList;
			buildConfigurations = (
				69CCAF6628DCDE5A007620BD /* Debug */,
				69CCAF6728DCDE5A007620BD /* Release */,
			);
			defaultConfigurationIsVisible = 0;
			defaultConfigurationName = Release;
		};
		69D3C153299EF2D10027934F /* Build configuration list for PBXNativeTarget "CreativeUITest" */ = {
			isa = XCConfigurationList;
			buildConfigurations = (
				69D3C151299EF2D10027934F /* Debug */,
				69D3C152299EF2D10027934F /* Release */,
			);
			defaultConfigurationIsVisible = 0;
			defaultConfigurationName = Release;
		};
/* End XCConfigurationList section */
	};
	rootObject = 69CCAF4428DCDE57007620BD /* Project object */;
}
