{
  "pins" : [
    {
      "identity" : "attentive-ios-sdk",
      "kind" : "remoteSourceControl",
      "location" : "https://github.com/attentive-mobile/attentive-ios-sdk",
      "state" : {
        "branch" : "rsmith/support-swift",
        "revision" : "0bf29e1001e180c0b84fe8e2bd350de7232a8346"
      }
    }
  ],
  "version" : 2
}
