{
  "originHash" : "62dc5f9606142e259275d938027b59c944959560f934dd2210d0e0cc4420a08d",
  "pins" : [
    {
      "identity" : "attentive-ios-sdk",
      "kind" : "remoteSourceControl",
      "location" : "https://github.com/attentive-mobile/attentive-ios-sdk",
      "state" : {
        "branch" : "main",
        "revision" : "16ea6c5924b6431d996f38d057b9a55e6639ed03"
      }
    }
  ],
  "version" : 3
}
