// !$*UTF8*$!
{
	archiveVersion = 1;
	classes = {
	};
	objectVersion = 56;
	objects = {

/* Begin PBXBuildFile section */
		5806DE6D29773F6100C18FFA /* ATTNAddToCartEvent.h in Headers */ = {isa = PBXBuildFile; fileRef = 5806DE6B29773F6100C18FFA /* ATTNAddToCartEvent.h */; settings = {ATTRIBUTES = (Public, ); }; };
		5806DE6E29773F6100C18FFA /* ATTNAddToCartEvent.m in Sources */ = {isa = PBXBuildFile; fileRef = 5806DE6C29773F6100C18FFA /* ATTNAddToCartEvent.m */; };
		5806DE712977457600C18FFA /* ATTNProductViewEvent.h in Headers */ = {isa = PBXBuildFile; fileRef = 5806DE6F2977457600C18FFA /* ATTNProductViewEvent.h */; settings = {ATTRIBUTES = (Public, ); }; };
		5806DE722977457600C18FFA /* ATTNProductViewEvent.m in Sources */ = {isa = PBXBuildFile; fileRef = 5806DE702977457600C18FFA /* ATTNProductViewEvent.m */; };
		5806DE7A2977630800C18FFA /* ATTNCustomEvent.h in Headers */ = {isa = PBXBuildFile; fileRef = 5806DE782977630800C18FFA /* ATTNCustomEvent.h */; settings = {ATTRIBUTES = (Public, ); }; };
		5806DE7B2977630800C18FFA /* ATTNCustomEvent.m in Sources */ = {isa = PBXBuildFile; fileRef = 5806DE792977630800C18FFA /* ATTNCustomEvent.m */; };
		5809FEA929370A2600BDE364 /* ATTNParameterValidationTest.m in Sources */ = {isa = PBXBuildFile; fileRef = 5809FEA829370A2600BDE364 /* ATTNParameterValidationTest.m */; };
		5809FEAB29370E3300BDE364 /* ATTNPersistentStorageTest.m in Sources */ = {isa = PBXBuildFile; fileRef = 5809FEAA29370E3300BDE364 /* ATTNPersistentStorageTest.m */; };
		5809FEAD2937147E00BDE364 /* ATTNUserIdentityTest.m in Sources */ = {isa = PBXBuildFile; fileRef = 5809FEAC2937147E00BDE364 /* ATTNUserIdentityTest.m */; };
		5809FEAF2937C8F100BDE364 /* ATTNVisitorServiceTest.m in Sources */ = {isa = PBXBuildFile; fileRef = 5809FEAE2937C8F100BDE364 /* ATTNVisitorServiceTest.m */; };
		58317998292F57300003D6B0 /* ATTNSDKFramework.h in Headers */ = {isa = PBXBuildFile; fileRef = 58317997292F57300003D6B0 /* ATTNSDKFramework.h */; settings = {ATTRIBUTES = (Public, ); }; };
		58332ED3292EC20700B1ECF3 /* ATTNUserIdentity.m in Sources */ = {isa = PBXBuildFile; fileRef = 58332ECD292EC20700B1ECF3 /* ATTNUserIdentity.m */; };
		58332ED4292EC20700B1ECF3 /* ATTNParameterValidation.h in Headers */ = {isa = PBXBuildFile; fileRef = 58332ECE292EC20700B1ECF3 /* ATTNParameterValidation.h */; settings = {ATTRIBUTES = (Private, ); }; };
		58332ED5292EC20700B1ECF3 /* ATTNParameterValidation.m in Sources */ = {isa = PBXBuildFile; fileRef = 58332ECF292EC20700B1ECF3 /* ATTNParameterValidation.m */; };
		58332ED6292EC20700B1ECF3 /* ATTNSDK.m in Sources */ = {isa = PBXBuildFile; fileRef = 58332ED0292EC20700B1ECF3 /* ATTNSDK.m */; };
		58332ED7292EC20700B1ECF3 /* ATTNSDK.h in Headers */ = {isa = PBXBuildFile; fileRef = 58332ED1292EC20700B1ECF3 /* ATTNSDK.h */; settings = {ATTRIBUTES = (Public, ); }; };
		58332ED8292EC20700B1ECF3 /* ATTNUserIdentity.h in Headers */ = {isa = PBXBuildFile; fileRef = 58332ED2292EC20700B1ECF3 /* ATTNUserIdentity.h */; settings = {ATTRIBUTES = (Public, ); }; };
		58332EDD292EC25500B1ECF3 /* attentive-ios-sdk.podspec in Resources */ = {isa = PBXBuildFile; fileRef = 58332EDC292EC25500B1ECF3 /* attentive-ios-sdk.podspec */; };
		58332EE0292EC26000B1ECF3 /* README.md in Resources */ = {isa = PBXBuildFile; fileRef = 58332EDE292EC26000B1ECF3 /* README.md */; };
		58332EE1292EC26000B1ECF3 /* LICENSE in Resources */ = {isa = PBXBuildFile; fileRef = 58332EDF292EC26000B1ECF3 /* LICENSE */; };
		583C29F929C101A300EABBC9 /* ATTNUserAgentBuilderTest.m in Sources */ = {isa = PBXBuildFile; fileRef = 583C29F829C101A300EABBC9 /* ATTNUserAgentBuilderTest.m */; };
		5862BE4029407DAC002C1403 /* ATTNEventTracker.h in Headers */ = {isa = PBXBuildFile; fileRef = 5862BE3F29407DAC002C1403 /* ATTNEventTracker.h */; settings = {ATTRIBUTES = (Public, ); }; };
		5862BE462940820C002C1403 /* ATTNEventTracker.m in Sources */ = {isa = PBXBuildFile; fileRef = 5862BE452940820C002C1403 /* ATTNEventTracker.m */; };
		587234BF2953AAD800EE12B6 /* ATTNPrice.m in Sources */ = {isa = PBXBuildFile; fileRef = 587234B42953AAD800EE12B6 /* ATTNPrice.m */; };
		587234C02953AAD800EE12B6 /* ATTNPurchaseEvent.h in Headers */ = {isa = PBXBuildFile; fileRef = 587234B52953AAD800EE12B6 /* ATTNPurchaseEvent.h */; settings = {ATTRIBUTES = (Public, ); }; };
		587234C12953AAD800EE12B6 /* ATTNOrder.h in Headers */ = {isa = PBXBuildFile; fileRef = 587234B62953AAD800EE12B6 /* ATTNOrder.h */; settings = {ATTRIBUTES = (Public, ); }; };
		587234C22953AAD800EE12B6 /* ATTNCart.h in Headers */ = {isa = PBXBuildFile; fileRef = 587234B72953AAD800EE12B6 /* ATTNCart.h */; settings = {ATTRIBUTES = (Public, ); }; };
		587234C32953AAD800EE12B6 /* ATTNPrice.h in Headers */ = {isa = PBXBuildFile; fileRef = 587234B82953AAD800EE12B6 /* ATTNPrice.h */; settings = {ATTRIBUTES = (Public, ); }; };
		587234C42953AAD800EE12B6 /* ATTNCart.m in Sources */ = {isa = PBXBuildFile; fileRef = 587234B92953AAD800EE12B6 /* ATTNCart.m */; };
		587234C52953AAD800EE12B6 /* ATTNItem.m in Sources */ = {isa = PBXBuildFile; fileRef = 587234BA2953AAD800EE12B6 /* ATTNItem.m */; };
		587234C62953AAD800EE12B6 /* ATTNOrder.m in Sources */ = {isa = PBXBuildFile; fileRef = 587234BB2953AAD800EE12B6 /* ATTNOrder.m */; };
		587234C72953AAD800EE12B6 /* ATTNEvent.h in Headers */ = {isa = PBXBuildFile; fileRef = 587234BC2953AAD800EE12B6 /* ATTNEvent.h */; settings = {ATTRIBUTES = (Public, ); }; };
		587234C82953AAD800EE12B6 /* ATTNItem.h in Headers */ = {isa = PBXBuildFile; fileRef = 587234BD2953AAD800EE12B6 /* ATTNItem.h */; settings = {ATTRIBUTES = (Public, ); }; };
		587234C92953AAD800EE12B6 /* ATTNPurchaseEvent.m in Sources */ = {isa = PBXBuildFile; fileRef = 587234BE2953AAD800EE12B6 /* ATTNPurchaseEvent.m */; };
		58A6EA2329354D02009BE922 /* ATTNAPI.h in Headers */ = {isa = PBXBuildFile; fileRef = 58A6EA2229354D02009BE922 /* ATTNAPI.h */; };
		58A6EA2529354D59009BE922 /* ATTNAPI.m in Sources */ = {isa = PBXBuildFile; fileRef = 58A6EA2429354D59009BE922 /* ATTNAPI.m */; };
		58A6EA2729359A84009BE922 /* ATTNAPITest.m in Sources */ = {isa = PBXBuildFile; fileRef = 58A6EA2629359757009BE922 /* ATTNAPITest.m */; };
		58B01AAF294CFF8A0001CEBF /* ATTNEventTrackerTest.m in Sources */ = {isa = PBXBuildFile; fileRef = 58B01AAE294CFF8A0001CEBF /* ATTNEventTrackerTest.m */; };
		58B01AB3294D3F9C0001CEBF /* TestAssertionHandler.m in Sources */ = {isa = PBXBuildFile; fileRef = 58B01AB2294D3F9B0001CEBF /* TestAssertionHandler.m */; };
		58B01AC5294D44140001CEBF /* libOCMock.a in Frameworks */ = {isa = PBXBuildFile; fileRef = 58B01AB6294D44140001CEBF /* libOCMock.a */; };
		58C9CA5C29E5EE6700EF036E /* ATTNInfoEvent.h in Headers */ = {isa = PBXBuildFile; fileRef = 58C9CA5529E5EE6700EF036E /* ATTNInfoEvent.h */; };
		58C9CA5D29E5EE6700EF036E /* ATTNAppInfo.h in Headers */ = {isa = PBXBuildFile; fileRef = 58C9CA5629E5EE6700EF036E /* ATTNAppInfo.h */; };
		58C9CA5E29E5EE6700EF036E /* ATTNUserAgentBuilder.h in Headers */ = {isa = PBXBuildFile; fileRef = 58C9CA5729E5EE6700EF036E /* ATTNUserAgentBuilder.h */; };
		58C9CA5F29E5EE6700EF036E /* ATTNVersion.h in Headers */ = {isa = PBXBuildFile; fileRef = 58C9CA5829E5EE6700EF036E /* ATTNVersion.h */; };
		58C9CA6029E5EE6700EF036E /* ATTNInfoEvent.m in Sources */ = {isa = PBXBuildFile; fileRef = 58C9CA5929E5EE6700EF036E /* ATTNInfoEvent.m */; };
		58C9CA6129E5EE6700EF036E /* ATTNInfoEvent.m in Sources */ = {isa = PBXBuildFile; fileRef = 58C9CA5929E5EE6700EF036E /* ATTNInfoEvent.m */; };
		58C9CA6229E5EE6700EF036E /* ATTNAppInfo.m in Sources */ = {isa = PBXBuildFile; fileRef = 58C9CA5A29E5EE6700EF036E /* ATTNAppInfo.m */; };
		58C9CA6329E5EE6700EF036E /* ATTNAppInfo.m in Sources */ = {isa = PBXBuildFile; fileRef = 58C9CA5A29E5EE6700EF036E /* ATTNAppInfo.m */; };
		58C9CA6429E5EE6700EF036E /* ATTNUserAgentBuilder.m in Sources */ = {isa = PBXBuildFile; fileRef = 58C9CA5B29E5EE6700EF036E /* ATTNUserAgentBuilder.m */; };
		58C9CA6529E5EE6700EF036E /* ATTNUserAgentBuilder.m in Sources */ = {isa = PBXBuildFile; fileRef = 58C9CA5B29E5EE6700EF036E /* ATTNUserAgentBuilder.m */; };
		58C9CA6629E60C7A00EF036E /* ATTNPersistentStorage.m in Sources */ = {isa = PBXBuildFile; fileRef = 6972874D29353FEA003F1BEC /* ATTNPersistentStorage.m */; };
		58C9CA6729E60C7D00EF036E /* ATTNVisitorService.m in Sources */ = {isa = PBXBuildFile; fileRef = 6972874A29353A99003F1BEC /* ATTNVisitorService.m */; };
		58C9CA6829E60C8000EF036E /* ATTNAPI.m in Sources */ = {isa = PBXBuildFile; fileRef = 58A6EA2429354D59009BE922 /* ATTNAPI.m */; };
		58C9CA6929E60C8300EF036E /* ATTNParameterValidation.m in Sources */ = {isa = PBXBuildFile; fileRef = 58332ECF292EC20700B1ECF3 /* ATTNParameterValidation.m */; };
		58C9CA6A29E60C8700EF036E /* ATTNSDK.m in Sources */ = {isa = PBXBuildFile; fileRef = 58332ED0292EC20700B1ECF3 /* ATTNSDK.m */; };
		58C9CA6B29E60C8E00EF036E /* ATTNUserIdentity.m in Sources */ = {isa = PBXBuildFile; fileRef = 58332ECD292EC20700B1ECF3 /* ATTNUserIdentity.m */; };
		58C9CA6C29E60C9000EF036E /* ATTNEventTracker.m in Sources */ = {isa = PBXBuildFile; fileRef = 5862BE452940820C002C1403 /* ATTNEventTracker.m */; };
		58C9CA6D29E60C9600EF036E /* ATTNCreativeUrlFormatter.m in Sources */ = {isa = PBXBuildFile; fileRef = 69BA6D7029BA3B5900CCA573 /* ATTNCreativeUrlFormatter.m */; };
		58D52E1D292EC52B00CF32DE /* attentive_ios_sdk_framework.framework in Frameworks */ = {isa = PBXBuildFile; fileRef = 58332EC3292EC18800B1ECF3 /* attentive_ios_sdk_framework.framework */; };
		58DD2D7A29E9D6D700AC3281 /* ATTNCustomEventTest.m in Sources */ = {isa = PBXBuildFile; fileRef = 58DD2D7929E9D6D700AC3281 /* ATTNCustomEventTest.m */; };
		6972874B29353A99003F1BEC /* ATTNVisitorService.h in Headers */ = {isa = PBXBuildFile; fileRef = 6972874929353A99003F1BEC /* ATTNVisitorService.h */; };
		6972874C29353A99003F1BEC /* ATTNVisitorService.m in Sources */ = {isa = PBXBuildFile; fileRef = 6972874A29353A99003F1BEC /* ATTNVisitorService.m */; };
		6972874F29353FEA003F1BEC /* ATTNPersistentStorage.m in Sources */ = {isa = PBXBuildFile; fileRef = 6972874D29353FEA003F1BEC /* ATTNPersistentStorage.m */; };
		6972875029353FEA003F1BEC /* ATTNPersistentStorage.h in Headers */ = {isa = PBXBuildFile; fileRef = 6972874E29353FEA003F1BEC /* ATTNPersistentStorage.h */; };
		69BA6D5929B7812C00CCA573 /* ATTNAPITestIT.m in Sources */ = {isa = PBXBuildFile; fileRef = 69BA6D5829B7812C00CCA573 /* ATTNAPITestIT.m */; };
		69BA6D5B29B782CE00CCA573 /* ATTNTestEventUtils.m in Sources */ = {isa = PBXBuildFile; fileRef = 69BA6D5A29B782CE00CCA573 /* ATTNTestEventUtils.m */; };
		69BA6D6F29BA3B1700CCA573 /* ATTNCreativeUrlFormatterTest.m in Sources */ = {isa = PBXBuildFile; fileRef = 69BA6D6E29BA3B1700CCA573 /* ATTNCreativeUrlFormatterTest.m */; };
		69BA6D7129BA3B5900CCA573 /* ATTNCreativeUrlFormatter.m in Sources */ = {isa = PBXBuildFile; fileRef = 69BA6D7029BA3B5900CCA573 /* ATTNCreativeUrlFormatter.m */; };
		69BA6D7329BA3B9000CCA573 /* ATTNCreativeUrlFormatter.h in Headers */ = {isa = PBXBuildFile; fileRef = 69BA6D7229BA3B9000CCA573 /* ATTNCreativeUrlFormatter.h */; };
		FB7E907F2BFCD9B400DB8804 /* PrivacyInfo.xcprivacy in Resources */ = {isa = PBXBuildFile; fileRef = FB7E907D2BFCD9B400DB8804 /* PrivacyInfo.xcprivacy */; };
/* End PBXBuildFile section */

/* Begin PBXContainerItemProxy section */
		58D52E1E292EC52B00CF32DE /* PBXContainerItemProxy */ = {
			isa = PBXContainerItemProxy;
			containerPortal = 58332EBA292EC18800B1ECF3 /* Project object */;
			proxyType = 1;
			remoteGlobalIDString = 58332EC2292EC18800B1ECF3;
			remoteInfo = "attentive-ios-sdk";
		};
/* End PBXContainerItemProxy section */

/* Begin PBXFileReference section */
		5806DE6B29773F6100C18FFA /* ATTNAddToCartEvent.h */ = {isa = PBXFileReference; lastKnownFileType = sourcecode.c.h; path = ATTNAddToCartEvent.h; sourceTree = "<group>"; };
		5806DE6C29773F6100C18FFA /* ATTNAddToCartEvent.m */ = {isa = PBXFileReference; lastKnownFileType = sourcecode.c.objc; name = ATTNAddToCartEvent.m; path = Sources/ATTNAddToCartEvent.m; sourceTree = "<group>"; };
		5806DE6F2977457600C18FFA /* ATTNProductViewEvent.h */ = {isa = PBXFileReference; lastKnownFileType = sourcecode.c.h; path = ATTNProductViewEvent.h; sourceTree = "<group>"; };
		5806DE702977457600C18FFA /* ATTNProductViewEvent.m */ = {isa = PBXFileReference; lastKnownFileType = sourcecode.c.objc; name = ATTNProductViewEvent.m; path = Sources/ATTNProductViewEvent.m; sourceTree = "<group>"; };
		5806DE782977630800C18FFA /* ATTNCustomEvent.h */ = {isa = PBXFileReference; lastKnownFileType = sourcecode.c.h; path = ATTNCustomEvent.h; sourceTree = "<group>"; };
		5806DE792977630800C18FFA /* ATTNCustomEvent.m */ = {isa = PBXFileReference; lastKnownFileType = sourcecode.c.objc; name = ATTNCustomEvent.m; path = Sources/ATTNCustomEvent.m; sourceTree = "<group>"; };
		5809FEA829370A2600BDE364 /* ATTNParameterValidationTest.m */ = {isa = PBXFileReference; lastKnownFileType = sourcecode.c.objc; name = ATTNParameterValidationTest.m; path = Tests/ATTNParameterValidationTest.m; sourceTree = "<group>"; };
		5809FEAA29370E3300BDE364 /* ATTNPersistentStorageTest.m */ = {isa = PBXFileReference; lastKnownFileType = sourcecode.c.objc; name = ATTNPersistentStorageTest.m; path = Tests/ATTNPersistentStorageTest.m; sourceTree = "<group>"; };
		5809FEAC2937147E00BDE364 /* ATTNUserIdentityTest.m */ = {isa = PBXFileReference; lastKnownFileType = sourcecode.c.objc; name = ATTNUserIdentityTest.m; path = Tests/ATTNUserIdentityTest.m; sourceTree = "<group>"; };
		5809FEAE2937C8F100BDE364 /* ATTNVisitorServiceTest.m */ = {isa = PBXFileReference; lastKnownFileType = sourcecode.c.objc; name = ATTNVisitorServiceTest.m; path = Tests/ATTNVisitorServiceTest.m; sourceTree = "<group>"; };
		58317997292F57300003D6B0 /* ATTNSDKFramework.h */ = {isa = PBXFileReference; lastKnownFileType = sourcecode.c.h; name = ATTNSDKFramework.h; path = Framework/ATTNSDKFramework.h; sourceTree = "<group>"; };
		58332EC3292EC18800B1ECF3 /* attentive_ios_sdk_framework.framework */ = {isa = PBXFileReference; explicitFileType = wrapper.framework; includeInIndex = 0; path = attentive_ios_sdk_framework.framework; sourceTree = BUILT_PRODUCTS_DIR; };
		58332ECD292EC20700B1ECF3 /* ATTNUserIdentity.m */ = {isa = PBXFileReference; fileEncoding = 4; lastKnownFileType = sourcecode.c.objc; name = ATTNUserIdentity.m; path = Sources/ATTNUserIdentity.m; sourceTree = "<group>"; };
		58332ECE292EC20700B1ECF3 /* ATTNParameterValidation.h */ = {isa = PBXFileReference; fileEncoding = 4; lastKnownFileType = sourcecode.c.h; name = ATTNParameterValidation.h; path = Sources/ATTNParameterValidation.h; sourceTree = "<group>"; };
		58332ECF292EC20700B1ECF3 /* ATTNParameterValidation.m */ = {isa = PBXFileReference; fileEncoding = 4; lastKnownFileType = sourcecode.c.objc; name = ATTNParameterValidation.m; path = Sources/ATTNParameterValidation.m; sourceTree = "<group>"; };
		58332ED0292EC20700B1ECF3 /* ATTNSDK.m */ = {isa = PBXFileReference; fileEncoding = 4; lastKnownFileType = sourcecode.c.objc; name = ATTNSDK.m; path = Sources/ATTNSDK.m; sourceTree = "<group>"; };
		58332ED1292EC20700B1ECF3 /* ATTNSDK.h */ = {isa = PBXFileReference; fileEncoding = 4; lastKnownFileType = sourcecode.c.h; path = ATTNSDK.h; sourceTree = "<group>"; };
		58332ED2292EC20700B1ECF3 /* ATTNUserIdentity.h */ = {isa = PBXFileReference; fileEncoding = 4; lastKnownFileType = sourcecode.c.h; path = ATTNUserIdentity.h; sourceTree = "<group>"; };
		58332EDC292EC25500B1ECF3 /* attentive-ios-sdk.podspec */ = {isa = PBXFileReference; fileEncoding = 4; lastKnownFileType = text; path = "attentive-ios-sdk.podspec"; sourceTree = "<group>"; };
		58332EDE292EC26000B1ECF3 /* README.md */ = {isa = PBXFileReference; fileEncoding = 4; lastKnownFileType = net.daringfireball.markdown; path = README.md; sourceTree = "<group>"; };
		58332EDF292EC26000B1ECF3 /* LICENSE */ = {isa = PBXFileReference; fileEncoding = 4; lastKnownFileType = text; path = LICENSE; sourceTree = "<group>"; };
		583C29F829C101A300EABBC9 /* ATTNUserAgentBuilderTest.m */ = {isa = PBXFileReference; lastKnownFileType = sourcecode.c.objc; name = ATTNUserAgentBuilderTest.m; path = Tests/ATTNUserAgentBuilderTest.m; sourceTree = "<group>"; };
		5862BE3F29407DAC002C1403 /* ATTNEventTracker.h */ = {isa = PBXFileReference; lastKnownFileType = sourcecode.c.h; path = ATTNEventTracker.h; sourceTree = "<group>"; };
		5862BE452940820C002C1403 /* ATTNEventTracker.m */ = {isa = PBXFileReference; lastKnownFileType = sourcecode.c.objc; name = ATTNEventTracker.m; path = Sources/ATTNEventTracker.m; sourceTree = "<group>"; };
		587234B42953AAD800EE12B6 /* ATTNPrice.m */ = {isa = PBXFileReference; fileEncoding = 4; lastKnownFileType = sourcecode.c.objc; name = ATTNPrice.m; path = Sources/ATTNPrice.m; sourceTree = "<group>"; };
		587234B52953AAD800EE12B6 /* ATTNPurchaseEvent.h */ = {isa = PBXFileReference; fileEncoding = 4; lastKnownFileType = sourcecode.c.h; path = ATTNPurchaseEvent.h; sourceTree = "<group>"; };
		587234B62953AAD800EE12B6 /* ATTNOrder.h */ = {isa = PBXFileReference; fileEncoding = 4; lastKnownFileType = sourcecode.c.h; path = ATTNOrder.h; sourceTree = "<group>"; };
		587234B72953AAD800EE12B6 /* ATTNCart.h */ = {isa = PBXFileReference; fileEncoding = 4; lastKnownFileType = sourcecode.c.h; path = ATTNCart.h; sourceTree = "<group>"; };
		587234B82953AAD800EE12B6 /* ATTNPrice.h */ = {isa = PBXFileReference; fileEncoding = 4; lastKnownFileType = sourcecode.c.h; path = ATTNPrice.h; sourceTree = "<group>"; };
		587234B92953AAD800EE12B6 /* ATTNCart.m */ = {isa = PBXFileReference; fileEncoding = 4; lastKnownFileType = sourcecode.c.objc; name = ATTNCart.m; path = Sources/ATTNCart.m; sourceTree = "<group>"; };
		587234BA2953AAD800EE12B6 /* ATTNItem.m */ = {isa = PBXFileReference; fileEncoding = 4; lastKnownFileType = sourcecode.c.objc; name = ATTNItem.m; path = Sources/ATTNItem.m; sourceTree = "<group>"; };
		587234BB2953AAD800EE12B6 /* ATTNOrder.m */ = {isa = PBXFileReference; fileEncoding = 4; lastKnownFileType = sourcecode.c.objc; name = ATTNOrder.m; path = Sources/ATTNOrder.m; sourceTree = "<group>"; };
		587234BC2953AAD800EE12B6 /* ATTNEvent.h */ = {isa = PBXFileReference; fileEncoding = 4; lastKnownFileType = sourcecode.c.h; path = ATTNEvent.h; sourceTree = "<group>"; };
		587234BD2953AAD800EE12B6 /* ATTNItem.h */ = {isa = PBXFileReference; fileEncoding = 4; lastKnownFileType = sourcecode.c.h; path = ATTNItem.h; sourceTree = "<group>"; };
		587234BE2953AAD800EE12B6 /* ATTNPurchaseEvent.m */ = {isa = PBXFileReference; fileEncoding = 4; lastKnownFileType = sourcecode.c.objc; name = ATTNPurchaseEvent.m; path = Sources/ATTNPurchaseEvent.m; sourceTree = "<group>"; };
		58A6EA2229354D02009BE922 /* ATTNAPI.h */ = {isa = PBXFileReference; fileEncoding = 4; lastKnownFileType = sourcecode.c.h; name = ATTNAPI.h; path = Sources/ATTNAPI.h; sourceTree = "<group>"; };
		58A6EA2429354D59009BE922 /* ATTNAPI.m */ = {isa = PBXFileReference; fileEncoding = 4; lastKnownFileType = sourcecode.c.objc; name = ATTNAPI.m; path = Sources/ATTNAPI.m; sourceTree = "<group>"; };
		58A6EA2629359757009BE922 /* ATTNAPITest.m */ = {isa = PBXFileReference; lastKnownFileType = sourcecode.c.objc; name = ATTNAPITest.m; path = Tests/ATTNAPITest.m; sourceTree = "<group>"; };
		58B01AAE294CFF8A0001CEBF /* ATTNEventTrackerTest.m */ = {isa = PBXFileReference; lastKnownFileType = sourcecode.c.objc; name = ATTNEventTrackerTest.m; path = Tests/ATTNEventTrackerTest.m; sourceTree = "<group>"; };
		58B01AB0294D305C0001CEBF /* TestAssertionHandler.h */ = {isa = PBXFileReference; lastKnownFileType = sourcecode.c.h; name = TestAssertionHandler.h; path = Tests/TestAssertionHandler.h; sourceTree = "<group>"; };
		58B01AB2294D3F9B0001CEBF /* TestAssertionHandler.m */ = {isa = PBXFileReference; fileEncoding = 4; lastKnownFileType = sourcecode.c.objc; name = TestAssertionHandler.m; path = Tests/TestAssertionHandler.m; sourceTree = "<group>"; };
		58B01AB6294D44140001CEBF /* libOCMock.a */ = {isa = PBXFileReference; lastKnownFileType = archive.ar; path = libOCMock.a; sourceTree = "<group>"; };
		58B01AB8294D44140001CEBF /* OCMockMacros.h */ = {isa = PBXFileReference; fileEncoding = 4; lastKnownFileType = sourcecode.c.h; path = OCMockMacros.h; sourceTree = "<group>"; };
		58B01AB9294D44140001CEBF /* OCMockObject.h */ = {isa = PBXFileReference; fileEncoding = 4; lastKnownFileType = sourcecode.c.h; path = OCMockObject.h; sourceTree = "<group>"; };
		58B01ABA294D44140001CEBF /* OCMMacroState.h */ = {isa = PBXFileReference; fileEncoding = 4; lastKnownFileType = sourcecode.c.h; path = OCMMacroState.h; sourceTree = "<group>"; };
		58B01ABB294D44140001CEBF /* OCMock.h */ = {isa = PBXFileReference; fileEncoding = 4; lastKnownFileType = sourcecode.c.h; path = OCMock.h; sourceTree = "<group>"; };
		58B01ABC294D44140001CEBF /* NSNotificationCenter+OCMAdditions.h */ = {isa = PBXFileReference; fileEncoding = 4; lastKnownFileType = sourcecode.c.h; path = "NSNotificationCenter+OCMAdditions.h"; sourceTree = "<group>"; };
		58B01ABD294D44140001CEBF /* OCMVerifier.h */ = {isa = PBXFileReference; fileEncoding = 4; lastKnownFileType = sourcecode.c.h; path = OCMVerifier.h; sourceTree = "<group>"; };
		58B01ABE294D44140001CEBF /* OCMFunctions.h */ = {isa = PBXFileReference; fileEncoding = 4; lastKnownFileType = sourcecode.c.h; path = OCMFunctions.h; sourceTree = "<group>"; };
		58B01ABF294D44140001CEBF /* OCMStubRecorder.h */ = {isa = PBXFileReference; fileEncoding = 4; lastKnownFileType = sourcecode.c.h; path = OCMStubRecorder.h; sourceTree = "<group>"; };
		58B01AC0294D44140001CEBF /* OCMRecorder.h */ = {isa = PBXFileReference; fileEncoding = 4; lastKnownFileType = sourcecode.c.h; path = OCMRecorder.h; sourceTree = "<group>"; };
		58B01AC1294D44140001CEBF /* OCMQuantifier.h */ = {isa = PBXFileReference; fileEncoding = 4; lastKnownFileType = sourcecode.c.h; path = OCMQuantifier.h; sourceTree = "<group>"; };
		58B01AC2294D44140001CEBF /* OCMLocation.h */ = {isa = PBXFileReference; fileEncoding = 4; lastKnownFileType = sourcecode.c.h; path = OCMLocation.h; sourceTree = "<group>"; };
		58B01AC3294D44140001CEBF /* OCMConstraint.h */ = {isa = PBXFileReference; fileEncoding = 4; lastKnownFileType = sourcecode.c.h; path = OCMConstraint.h; sourceTree = "<group>"; };
		58B01AC4294D44140001CEBF /* OCMArg.h */ = {isa = PBXFileReference; fileEncoding = 4; lastKnownFileType = sourcecode.c.h; path = OCMArg.h; sourceTree = "<group>"; };
		58C9CA5329E5EDEF00EF036E /* ATTNTestEventUtils.h */ = {isa = PBXFileReference; fileEncoding = 4; lastKnownFileType = sourcecode.c.h; name = ATTNTestEventUtils.h; path = Tests/ATTNTestEventUtils.h; sourceTree = "<group>"; };
		58C9CA5529E5EE6700EF036E /* ATTNInfoEvent.h */ = {isa = PBXFileReference; fileEncoding = 4; lastKnownFileType = sourcecode.c.h; path = ATTNInfoEvent.h; sourceTree = "<group>"; };
		58C9CA5629E5EE6700EF036E /* ATTNAppInfo.h */ = {isa = PBXFileReference; fileEncoding = 4; lastKnownFileType = sourcecode.c.h; path = ATTNAppInfo.h; sourceTree = "<group>"; };
		58C9CA5729E5EE6700EF036E /* ATTNUserAgentBuilder.h */ = {isa = PBXFileReference; fileEncoding = 4; lastKnownFileType = sourcecode.c.h; path = ATTNUserAgentBuilder.h; sourceTree = "<group>"; };
		58C9CA5829E5EE6700EF036E /* ATTNVersion.h */ = {isa = PBXFileReference; fileEncoding = 4; lastKnownFileType = sourcecode.c.h; path = ATTNVersion.h; sourceTree = "<group>"; };
		58C9CA5929E5EE6700EF036E /* ATTNInfoEvent.m */ = {isa = PBXFileReference; fileEncoding = 4; lastKnownFileType = sourcecode.c.objc; path = ATTNInfoEvent.m; sourceTree = "<group>"; };
		58C9CA5A29E5EE6700EF036E /* ATTNAppInfo.m */ = {isa = PBXFileReference; fileEncoding = 4; lastKnownFileType = sourcecode.c.objc; path = ATTNAppInfo.m; sourceTree = "<group>"; };
		58C9CA5B29E5EE6700EF036E /* ATTNUserAgentBuilder.m */ = {isa = PBXFileReference; fileEncoding = 4; lastKnownFileType = sourcecode.c.objc; path = ATTNUserAgentBuilder.m; sourceTree = "<group>"; };
		58D52E19292EC52B00CF32DE /* attentive-ios-sdk Tests.xctest */ = {isa = PBXFileReference; explicitFileType = wrapper.cfbundle; includeInIndex = 0; path = "attentive-ios-sdk Tests.xctest"; sourceTree = BUILT_PRODUCTS_DIR; };
		58DD2D7929E9D6D700AC3281 /* ATTNCustomEventTest.m */ = {isa = PBXFileReference; lastKnownFileType = sourcecode.c.objc; name = ATTNCustomEventTest.m; path = Tests/ATTNCustomEventTest.m; sourceTree = "<group>"; };
		6972874929353A99003F1BEC /* ATTNVisitorService.h */ = {isa = PBXFileReference; fileEncoding = 4; lastKnownFileType = sourcecode.c.h; name = ATTNVisitorService.h; path = Sources/ATTNVisitorService.h; sourceTree = "<group>"; };
		6972874A29353A99003F1BEC /* ATTNVisitorService.m */ = {isa = PBXFileReference; fileEncoding = 4; lastKnownFileType = sourcecode.c.objc; name = ATTNVisitorService.m; path = Sources/ATTNVisitorService.m; sourceTree = "<group>"; };
		6972874D29353FEA003F1BEC /* ATTNPersistentStorage.m */ = {isa = PBXFileReference; fileEncoding = 4; lastKnownFileType = sourcecode.c.objc; name = ATTNPersistentStorage.m; path = Sources/ATTNPersistentStorage.m; sourceTree = "<group>"; };
		6972874E29353FEA003F1BEC /* ATTNPersistentStorage.h */ = {isa = PBXFileReference; fileEncoding = 4; lastKnownFileType = sourcecode.c.h; name = ATTNPersistentStorage.h; path = Sources/ATTNPersistentStorage.h; sourceTree = "<group>"; };
		69BA6D5829B7812C00CCA573 /* ATTNAPITestIT.m */ = {isa = PBXFileReference; lastKnownFileType = sourcecode.c.objc; name = ATTNAPITestIT.m; path = Tests/ATTNAPITestIT.m; sourceTree = "<group>"; };
		69BA6D5A29B782CE00CCA573 /* ATTNTestEventUtils.m */ = {isa = PBXFileReference; lastKnownFileType = sourcecode.c.objc; name = ATTNTestEventUtils.m; path = Tests/ATTNTestEventUtils.m; sourceTree = "<group>"; };
		69BA6D6E29BA3B1700CCA573 /* ATTNCreativeUrlFormatterTest.m */ = {isa = PBXFileReference; lastKnownFileType = sourcecode.c.objc; name = ATTNCreativeUrlFormatterTest.m; path = Tests/ATTNCreativeUrlFormatterTest.m; sourceTree = "<group>"; };
		69BA6D7029BA3B5900CCA573 /* ATTNCreativeUrlFormatter.m */ = {isa = PBXFileReference; lastKnownFileType = sourcecode.c.objc; name = ATTNCreativeUrlFormatter.m; path = Sources/ATTNCreativeUrlFormatter.m; sourceTree = "<group>"; };
		69BA6D7229BA3B9000CCA573 /* ATTNCreativeUrlFormatter.h */ = {isa = PBXFileReference; lastKnownFileType = sourcecode.c.h; name = ATTNCreativeUrlFormatter.h; path = Sources/ATTNCreativeUrlFormatter.h; sourceTree = "<group>"; };
		FB0E49E52BFBB1900025E281 /* Package.swift */ = {isa = PBXFileReference; fileEncoding = 4; lastKnownFileType = sourcecode.swift; path = Package.swift; sourceTree = "<group>"; };
		FB7E907D2BFCD9B400DB8804 /* PrivacyInfo.xcprivacy */ = {isa = PBXFileReference; fileEncoding = 4; lastKnownFileType = text.xml; path = PrivacyInfo.xcprivacy; sourceTree = "<group>"; };
/* End PBXFileReference section */

/* Begin PBXFrameworksBuildPhase section */
		58332EC0292EC18800B1ECF3 /* Frameworks */ = {
			isa = PBXFrameworksBuildPhase;
			buildActionMask = 2147483647;
			files = (
			);
			runOnlyForDeploymentPostprocessing = 0;
		};
		58D52E16292EC52B00CF32DE /* Frameworks */ = {
			isa = PBXFrameworksBuildPhase;
			buildActionMask = 2147483647;
			files = (
				58D52E1D292EC52B00CF32DE /* attentive_ios_sdk_framework.framework in Frameworks */,
				58B01AC5294D44140001CEBF /* libOCMock.a in Frameworks */,
			);
			runOnlyForDeploymentPostprocessing = 0;
		};
/* End PBXFrameworksBuildPhase section */

/* Begin PBXGroup section */
		5806DE772977570100C18FFA /* Events */ = {
			isa = PBXGroup;
			children = (
				587234B92953AAD800EE12B6 /* ATTNCart.m */,
				587234BA2953AAD800EE12B6 /* ATTNItem.m */,
				587234BB2953AAD800EE12B6 /* ATTNOrder.m */,
				587234B42953AAD800EE12B6 /* ATTNPrice.m */,
				587234BE2953AAD800EE12B6 /* ATTNPurchaseEvent.m */,
				5806DE6C29773F6100C18FFA /* ATTNAddToCartEvent.m */,
				5806DE702977457600C18FFA /* ATTNProductViewEvent.m */,
				5806DE792977630800C18FFA /* ATTNCustomEvent.m */,
			);
			name = Events;
			sourceTree = "<group>";
		};
		58332EB9292EC18800B1ECF3 = {
			isa = PBXGroup;
			children = (
				58332ED9292EC21100B1ECF3 /* Sources */,
				58332EDB292EC24200B1ECF3 /* Supporting Files */,
				58332EDA292EC23000B1ECF3 /* Tests */,
				58B01AB4294D44140001CEBF /* Vendor */,
				58332EC4292EC18800B1ECF3 /* Products */,
			);
			sourceTree = "<group>";
		};
		58332EC4292EC18800B1ECF3 /* Products */ = {
			isa = PBXGroup;
			children = (
				58332EC3292EC18800B1ECF3 /* attentive_ios_sdk_framework.framework */,
				58D52E19292EC52B00CF32DE /* attentive-ios-sdk Tests.xctest */,
			);
			name = Products;
			sourceTree = "<group>";
		};
		58332ED9292EC21100B1ECF3 /* Sources */ = {
			isa = PBXGroup;
			children = (
				FB7E907E2BFCD9B400DB8804 /* Resources */,
				FB0E49E32BFBB0A70025E281 /* include */,
				58C9CA5429E5EE6700EF036E /* Internal */,
				5806DE772977570100C18FFA /* Events */,
				6972874E29353FEA003F1BEC /* ATTNPersistentStorage.h */,
				6972874D29353FEA003F1BEC /* ATTNPersistentStorage.m */,
				6972874929353A99003F1BEC /* ATTNVisitorService.h */,
				6972874A29353A99003F1BEC /* ATTNVisitorService.m */,
				58A6EA2229354D02009BE922 /* ATTNAPI.h */,
				58A6EA2429354D59009BE922 /* ATTNAPI.m */,
				58332ECE292EC20700B1ECF3 /* ATTNParameterValidation.h */,
				58332ECF292EC20700B1ECF3 /* ATTNParameterValidation.m */,
				58332ED0292EC20700B1ECF3 /* ATTNSDK.m */,
				58332ECD292EC20700B1ECF3 /* ATTNUserIdentity.m */,
				5862BE452940820C002C1403 /* ATTNEventTracker.m */,
				69BA6D7229BA3B9000CCA573 /* ATTNCreativeUrlFormatter.h */,
				69BA6D7029BA3B5900CCA573 /* ATTNCreativeUrlFormatter.m */,
			);
			name = Sources;
			sourceTree = "<group>";
		};
		58332EDA292EC23000B1ECF3 /* Tests */ = {
			isa = PBXGroup;
			children = (
				58A6EA2629359757009BE922 /* ATTNAPITest.m */,
				5809FEA829370A2600BDE364 /* ATTNParameterValidationTest.m */,
				5809FEAA29370E3300BDE364 /* ATTNPersistentStorageTest.m */,
				5809FEAC2937147E00BDE364 /* ATTNUserIdentityTest.m */,
				5809FEAE2937C8F100BDE364 /* ATTNVisitorServiceTest.m */,
				58B01AAE294CFF8A0001CEBF /* ATTNEventTrackerTest.m */,
				58B01AB0294D305C0001CEBF /* TestAssertionHandler.h */,
				58B01AB2294D3F9B0001CEBF /* TestAssertionHandler.m */,
				583C29F829C101A300EABBC9 /* ATTNUserAgentBuilderTest.m */,
				69BA6D5829B7812C00CCA573 /* ATTNAPITestIT.m */,
				58C9CA5329E5EDEF00EF036E /* ATTNTestEventUtils.h */,
				69BA6D5A29B782CE00CCA573 /* ATTNTestEventUtils.m */,
				69BA6D6E29BA3B1700CCA573 /* ATTNCreativeUrlFormatterTest.m */,
				58DD2D7929E9D6D700AC3281 /* ATTNCustomEventTest.m */,
			);
			name = Tests;
			sourceTree = "<group>";
		};
		58332EDB292EC24200B1ECF3 /* Supporting Files */ = {
			isa = PBXGroup;
			children = (
				FB0E49E52BFBB1900025E281 /* Package.swift */,
				58317997292F57300003D6B0 /* ATTNSDKFramework.h */,
				58332EDF292EC26000B1ECF3 /* LICENSE */,
				58332EDE292EC26000B1ECF3 /* README.md */,
				58332EDC292EC25500B1ECF3 /* attentive-ios-sdk.podspec */,
			);
			name = "Supporting Files";
			sourceTree = "<group>";
		};
		58B01AB4294D44140001CEBF /* Vendor */ = {
			isa = PBXGroup;
			children = (
				58B01AB5294D44140001CEBF /* OCMock */,
			);
			path = Vendor;
			sourceTree = "<group>";
		};
		58B01AB5294D44140001CEBF /* OCMock */ = {
			isa = PBXGroup;
			children = (
				58B01AB6294D44140001CEBF /* libOCMock.a */,
				58B01AB7294D44140001CEBF /* OCMock */,
			);
			path = OCMock;
			sourceTree = "<group>";
		};
		58B01AB7294D44140001CEBF /* OCMock */ = {
			isa = PBXGroup;
			children = (
				58B01AB8294D44140001CEBF /* OCMockMacros.h */,
				58B01AB9294D44140001CEBF /* OCMockObject.h */,
				58B01ABA294D44140001CEBF /* OCMMacroState.h */,
				58B01ABB294D44140001CEBF /* OCMock.h */,
				58B01ABC294D44140001CEBF /* NSNotificationCenter+OCMAdditions.h */,
				58B01ABD294D44140001CEBF /* OCMVerifier.h */,
				58B01ABE294D44140001CEBF /* OCMFunctions.h */,
				58B01ABF294D44140001CEBF /* OCMStubRecorder.h */,
				58B01AC0294D44140001CEBF /* OCMRecorder.h */,
				58B01AC1294D44140001CEBF /* OCMQuantifier.h */,
				58B01AC2294D44140001CEBF /* OCMLocation.h */,
				58B01AC3294D44140001CEBF /* OCMConstraint.h */,
				58B01AC4294D44140001CEBF /* OCMArg.h */,
			);
			path = OCMock;
			sourceTree = "<group>";
		};
		58C9CA5429E5EE6700EF036E /* Internal */ = {
			isa = PBXGroup;
			children = (
				58C9CA5829E5EE6700EF036E /* ATTNVersion.h */,
				58C9CA5529E5EE6700EF036E /* ATTNInfoEvent.h */,
				58C9CA5929E5EE6700EF036E /* ATTNInfoEvent.m */,
				58C9CA5629E5EE6700EF036E /* ATTNAppInfo.h */,
				58C9CA5A29E5EE6700EF036E /* ATTNAppInfo.m */,
				58C9CA5729E5EE6700EF036E /* ATTNUserAgentBuilder.h */,
				58C9CA5B29E5EE6700EF036E /* ATTNUserAgentBuilder.m */,
			);
			name = Internal;
			path = Sources/Internal;
			sourceTree = "<group>";
		};
		FB0E49E32BFBB0A70025E281 /* include */ = {
			isa = PBXGroup;
			children = (
				5862BE3F29407DAC002C1403 /* ATTNEventTracker.h */,
				58332ED2292EC20700B1ECF3 /* ATTNUserIdentity.h */,
				58332ED1292EC20700B1ECF3 /* ATTNSDK.h */,
				587234B72953AAD800EE12B6 /* ATTNCart.h */,
				587234BC2953AAD800EE12B6 /* ATTNEvent.h */,
				587234BD2953AAD800EE12B6 /* ATTNItem.h */,
				587234B62953AAD800EE12B6 /* ATTNOrder.h */,
				587234B82953AAD800EE12B6 /* ATTNPrice.h */,
				587234B52953AAD800EE12B6 /* ATTNPurchaseEvent.h */,
				5806DE6B29773F6100C18FFA /* ATTNAddToCartEvent.h */,
				5806DE6F2977457600C18FFA /* ATTNProductViewEvent.h */,
				5806DE782977630800C18FFA /* ATTNCustomEvent.h */,
			);
			name = include;
			path = Sources/include;
			sourceTree = "<group>";
		};
		FB7E907E2BFCD9B400DB8804 /* Resources */ = {
			isa = PBXGroup;
			children = (
				FB7E907D2BFCD9B400DB8804 /* PrivacyInfo.xcprivacy */,
			);
			name = Resources;
			path = Sources/Resources;
			sourceTree = "<group>";
		};
/* End PBXGroup section */

/* Begin PBXHeadersBuildPhase section */
		58332EBE292EC18800B1ECF3 /* Headers */ = {
			isa = PBXHeadersBuildPhase;
			buildActionMask = 2147483647;
			files = (
				58C9CA5E29E5EE6700EF036E /* ATTNUserAgentBuilder.h in Headers */,
				587234C12953AAD800EE12B6 /* ATTNOrder.h in Headers */,
				587234C22953AAD800EE12B6 /* ATTNCart.h in Headers */,
				58C9CA5C29E5EE6700EF036E /* ATTNInfoEvent.h in Headers */,
				587234C02953AAD800EE12B6 /* ATTNPurchaseEvent.h in Headers */,
				587234C32953AAD800EE12B6 /* ATTNPrice.h in Headers */,
				587234C82953AAD800EE12B6 /* ATTNItem.h in Headers */,
				587234C72953AAD800EE12B6 /* ATTNEvent.h in Headers */,
				58332ED7292EC20700B1ECF3 /* ATTNSDK.h in Headers */,
				6972874B29353A99003F1BEC /* ATTNVisitorService.h in Headers */,
				5806DE7A2977630800C18FFA /* ATTNCustomEvent.h in Headers */,
				5806DE712977457600C18FFA /* ATTNProductViewEvent.h in Headers */,
				69BA6D7329BA3B9000CCA573 /* ATTNCreativeUrlFormatter.h in Headers */,
				5806DE6D29773F6100C18FFA /* ATTNAddToCartEvent.h in Headers */,
				6972875029353FEA003F1BEC /* ATTNPersistentStorage.h in Headers */,
				5862BE4029407DAC002C1403 /* ATTNEventTracker.h in Headers */,
				58C9CA5F29E5EE6700EF036E /* ATTNVersion.h in Headers */,
				58A6EA2329354D02009BE922 /* ATTNAPI.h in Headers */,
				58332ED8292EC20700B1ECF3 /* ATTNUserIdentity.h in Headers */,
				58C9CA5D29E5EE6700EF036E /* ATTNAppInfo.h in Headers */,
				58317998292F57300003D6B0 /* ATTNSDKFramework.h in Headers */,
				58332ED4292EC20700B1ECF3 /* ATTNParameterValidation.h in Headers */,
			);
			runOnlyForDeploymentPostprocessing = 0;
		};
/* End PBXHeadersBuildPhase section */

/* Begin PBXNativeTarget section */
		58332EC2292EC18800B1ECF3 /* attentive-ios-sdk-framework */ = {
			isa = PBXNativeTarget;
			buildConfigurationList = 58332ECA292EC18800B1ECF3 /* Build configuration list for PBXNativeTarget "attentive-ios-sdk-framework" */;
			buildPhases = (
				58332EBE292EC18800B1ECF3 /* Headers */,
				58332EBF292EC18800B1ECF3 /* Sources */,
				58332EC0292EC18800B1ECF3 /* Frameworks */,
				58332EC1292EC18800B1ECF3 /* Resources */,
			);
			buildRules = (
			);
			dependencies = (
			);
			name = "attentive-ios-sdk-framework";
			productName = "attentive-ios-sdk";
			productReference = 58332EC3292EC18800B1ECF3 /* attentive_ios_sdk_framework.framework */;
			productType = "com.apple.product-type.framework";
		};
		58D52E18292EC52B00CF32DE /* attentive-ios-sdk Tests */ = {
			isa = PBXNativeTarget;
			buildConfigurationList = 58D52E20292EC52B00CF32DE /* Build configuration list for PBXNativeTarget "attentive-ios-sdk Tests" */;
			buildPhases = (
				58D52E15292EC52B00CF32DE /* Sources */,
				58D52E16292EC52B00CF32DE /* Frameworks */,
				58D52E17292EC52B00CF32DE /* Resources */,
			);
			buildRules = (
			);
			dependencies = (
				58D52E1F292EC52B00CF32DE /* PBXTargetDependency */,
			);
			name = "attentive-ios-sdk Tests";
			productName = "attentive-ios-sdk Tests";
			productReference = 58D52E19292EC52B00CF32DE /* attentive-ios-sdk Tests.xctest */;
			productType = "com.apple.product-type.bundle.unit-test";
		};
/* End PBXNativeTarget section */

/* Begin PBXProject section */
		58332EBA292EC18800B1ECF3 /* Project object */ = {
			isa = PBXProject;
			attributes = {
				BuildIndependentTargetsInParallel = 1;
				LastUpgradeCheck = 1410;
				TargetAttributes = {
					58332EC2292EC18800B1ECF3 = {
						CreatedOnToolsVersion = 14.1;
						LastSwiftMigration = 1530;
					};
					58D52E18292EC52B00CF32DE = {
						CreatedOnToolsVersion = 14.1;
					};
				};
			};
			buildConfigurationList = 58332EBD292EC18800B1ECF3 /* Build configuration list for PBXProject "attentive-ios-sdk" */;
			compatibilityVersion = "Xcode 14.0";
			developmentRegion = en;
			hasScannedForEncodings = 0;
			knownRegions = (
				en,
				Base,
			);
			mainGroup = 58332EB9292EC18800B1ECF3;
			productRefGroup = 58332EC4292EC18800B1ECF3 /* Products */;
			projectDirPath = "";
			projectRoot = "";
			targets = (
				58332EC2292EC18800B1ECF3 /* attentive-ios-sdk-framework */,
				58D52E18292EC52B00CF32DE /* attentive-ios-sdk Tests */,
			);
		};
/* End PBXProject section */

/* Begin PBXResourcesBuildPhase section */
		58332EC1292EC18800B1ECF3 /* Resources */ = {
			isa = PBXResourcesBuildPhase;
			buildActionMask = 2147483647;
			files = (
				58332EE1292EC26000B1ECF3 /* LICENSE in Resources */,
				58332EE0292EC26000B1ECF3 /* README.md in Resources */,
				FB7E907F2BFCD9B400DB8804 /* PrivacyInfo.xcprivacy in Resources */,
				58332EDD292EC25500B1ECF3 /* attentive-ios-sdk.podspec in Resources */,
			);
			runOnlyForDeploymentPostprocessing = 0;
		};
		58D52E17292EC52B00CF32DE /* Resources */ = {
			isa = PBXResourcesBuildPhase;
			buildActionMask = 2147483647;
			files = (
			);
			runOnlyForDeploymentPostprocessing = 0;
		};
/* End PBXResourcesBuildPhase section */

/* Begin PBXSourcesBuildPhase section */
		58332EBF292EC18800B1ECF3 /* Sources */ = {
			isa = PBXSourcesBuildPhase;
			buildActionMask = 2147483647;
			files = (
				587234BF2953AAD800EE12B6 /* ATTNPrice.m in Sources */,
				5806DE6E29773F6100C18FFA /* ATTNAddToCartEvent.m in Sources */,
				58332ED6292EC20700B1ECF3 /* ATTNSDK.m in Sources */,
				587234C92953AAD800EE12B6 /* ATTNPurchaseEvent.m in Sources */,
				58C9CA6429E5EE6700EF036E /* ATTNUserAgentBuilder.m in Sources */,
				58A6EA2529354D59009BE922 /* ATTNAPI.m in Sources */,
				58C9CA6229E5EE6700EF036E /* ATTNAppInfo.m in Sources */,
				5862BE462940820C002C1403 /* ATTNEventTracker.m in Sources */,
				58C9CA6029E5EE6700EF036E /* ATTNInfoEvent.m in Sources */,
				587234C62953AAD800EE12B6 /* ATTNOrder.m in Sources */,
				58332ED3292EC20700B1ECF3 /* ATTNUserIdentity.m in Sources */,
				5806DE722977457600C18FFA /* ATTNProductViewEvent.m in Sources */,
				587234C42953AAD800EE12B6 /* ATTNCart.m in Sources */,
				58332ED5292EC20700B1ECF3 /* ATTNParameterValidation.m in Sources */,
				69BA6D7129BA3B5900CCA573 /* ATTNCreativeUrlFormatter.m in Sources */,
				587234C52953AAD800EE12B6 /* ATTNItem.m in Sources */,
				5806DE7B2977630800C18FFA /* ATTNCustomEvent.m in Sources */,
				6972874F29353FEA003F1BEC /* ATTNPersistentStorage.m in Sources */,
				6972874C29353A99003F1BEC /* ATTNVisitorService.m in Sources */,
			);
			runOnlyForDeploymentPostprocessing = 0;
		};
		58D52E15292EC52B00CF32DE /* Sources */ = {
			isa = PBXSourcesBuildPhase;
			buildActionMask = 2147483647;
			files = (
				58C9CA6329E5EE6700EF036E /* ATTNAppInfo.m in Sources */,
				69BA6D5929B7812C00CCA573 /* ATTNAPITestIT.m in Sources */,
				5809FEAD2937147E00BDE364 /* ATTNUserIdentityTest.m in Sources */,
				58C9CA6A29E60C8700EF036E /* ATTNSDK.m in Sources */,
				58C9CA6929E60C8300EF036E /* ATTNParameterValidation.m in Sources */,
				58C9CA6B29E60C8E00EF036E /* ATTNUserIdentity.m in Sources */,
				583C29F929C101A300EABBC9 /* ATTNUserAgentBuilderTest.m in Sources */,
				69BA6D6F29BA3B1700CCA573 /* ATTNCreativeUrlFormatterTest.m in Sources */,
				5809FEA929370A2600BDE364 /* ATTNParameterValidationTest.m in Sources */,
				5809FEAF2937C8F100BDE364 /* ATTNVisitorServiceTest.m in Sources */,
				58C9CA6729E60C7D00EF036E /* ATTNVisitorService.m in Sources */,
				58A6EA2729359A84009BE922 /* ATTNAPITest.m in Sources */,
				58C9CA6629E60C7A00EF036E /* ATTNPersistentStorage.m in Sources */,
				58C9CA6C29E60C9000EF036E /* ATTNEventTracker.m in Sources */,
				58C9CA6829E60C8000EF036E /* ATTNAPI.m in Sources */,
				58C9CA6129E5EE6700EF036E /* ATTNInfoEvent.m in Sources */,
				58B01AAF294CFF8A0001CEBF /* ATTNEventTrackerTest.m in Sources */,
				69BA6D5B29B782CE00CCA573 /* ATTNTestEventUtils.m in Sources */,
				58DD2D7A29E9D6D700AC3281 /* ATTNCustomEventTest.m in Sources */,
				58C9CA6529E5EE6700EF036E /* ATTNUserAgentBuilder.m in Sources */,
				5809FEAB29370E3300BDE364 /* ATTNPersistentStorageTest.m in Sources */,
				58C9CA6D29E60C9600EF036E /* ATTNCreativeUrlFormatter.m in Sources */,
				58B01AB3294D3F9C0001CEBF /* TestAssertionHandler.m in Sources */,
			);
			runOnlyForDeploymentPostprocessing = 0;
		};
/* End PBXSourcesBuildPhase section */

/* Begin PBXTargetDependency section */
		58D52E1F292EC52B00CF32DE /* PBXTargetDependency */ = {
			isa = PBXTargetDependency;
			target = 58332EC2292EC18800B1ECF3 /* attentive-ios-sdk-framework */;
			targetProxy = 58D52E1E292EC52B00CF32DE /* PBXContainerItemProxy */;
		};
/* End PBXTargetDependency section */

/* Begin XCBuildConfiguration section */
		58332EC8292EC18800B1ECF3 /* Debug */ = {
			isa = XCBuildConfiguration;
			buildSettings = {
				ALWAYS_SEARCH_USER_PATHS = NO;
				CLANG_ANALYZER_NONNULL = YES;
				CLANG_ANALYZER_NUMBER_OBJECT_CONVERSION = YES_AGGRESSIVE;
				CLANG_CXX_LANGUAGE_STANDARD = "gnu++20";
				CLANG_ENABLE_MODULES = YES;
				CLANG_ENABLE_OBJC_ARC = YES;
				CLANG_ENABLE_OBJC_WEAK = YES;
				CLANG_WARN_BLOCK_CAPTURE_AUTORELEASING = YES;
				CLANG_WARN_BOOL_CONVERSION = YES;
				CLANG_WARN_COMMA = YES;
				CLANG_WARN_CONSTANT_CONVERSION = YES;
				CLANG_WARN_DEPRECATED_OBJC_IMPLEMENTATIONS = YES;
				CLANG_WARN_DIRECT_OBJC_ISA_USAGE = YES_ERROR;
				CLANG_WARN_DOCUMENTATION_COMMENTS = YES;
				CLANG_WARN_EMPTY_BODY = YES;
				CLANG_WARN_ENUM_CONVERSION = YES;
				CLANG_WARN_INFINITE_RECURSION = YES;
				CLANG_WARN_INT_CONVERSION = YES;
				CLANG_WARN_NON_LITERAL_NULL_CONVERSION = YES;
				CLANG_WARN_OBJC_IMPLICIT_RETAIN_SELF = YES;
				CLANG_WARN_OBJC_LITERAL_CONVERSION = YES;
				CLANG_WARN_OBJC_ROOT_CLASS = YES_ERROR;
				CLANG_WARN_QUOTED_INCLUDE_IN_FRAMEWORK_HEADER = YES;
				CLANG_WARN_RANGE_LOOP_ANALYSIS = YES;
				CLANG_WARN_STRICT_PROTOTYPES = YES;
				CLANG_WARN_SUSPICIOUS_MOVE = YES;
				CLANG_WARN_UNGUARDED_AVAILABILITY = YES_AGGRESSIVE;
				CLANG_WARN_UNREACHABLE_CODE = YES;
				CLANG_WARN__DUPLICATE_METHOD_MATCH = YES;
				COPY_PHASE_STRIP = NO;
				CURRENT_PROJECT_VERSION = 1;
				DEBUG_INFORMATION_FORMAT = dwarf;
				ENABLE_STRICT_OBJC_MSGSEND = YES;
				ENABLE_TESTABILITY = NO;
				GCC_C_LANGUAGE_STANDARD = gnu11;
				GCC_DYNAMIC_NO_PIC = NO;
				GCC_NO_COMMON_BLOCKS = YES;
				GCC_OPTIMIZATION_LEVEL = 0;
				GCC_PREPROCESSOR_DEFINITIONS = (
					"DEBUG=1",
					"$(inherited)",
				);
				GCC_WARN_64_TO_32_BIT_CONVERSION = YES;
				GCC_WARN_ABOUT_RETURN_TYPE = YES_ERROR;
				GCC_WARN_UNDECLARED_SELECTOR = YES;
				GCC_WARN_UNINITIALIZED_AUTOS = YES_AGGRESSIVE;
				GCC_WARN_UNUSED_FUNCTION = YES;
				GCC_WARN_UNUSED_VARIABLE = YES;
				MTL_ENABLE_DEBUG_INFO = INCLUDE_SOURCE;
				MTL_FAST_MATH = YES;
				ONLY_ACTIVE_ARCH = YES;
				SDKROOT = iphoneos;
				SWIFT_ACTIVE_COMPILATION_CONDITIONS = DEBUG;
				SWIFT_OPTIMIZATION_LEVEL = "-Onone";
				VERSIONING_SYSTEM = "apple-generic";
				VERSION_INFO_PREFIX = "";
			};
			name = Debug;
		};
		58332EC9292EC18800B1ECF3 /* Release */ = {
			isa = XCBuildConfiguration;
			buildSettings = {
				ALWAYS_SEARCH_USER_PATHS = NO;
				CLANG_ANALYZER_NONNULL = YES;
				CLANG_ANALYZER_NUMBER_OBJECT_CONVERSION = YES_AGGRESSIVE;
				CLANG_CXX_LANGUAGE_STANDARD = "gnu++20";
				CLANG_ENABLE_MODULES = YES;
				CLANG_ENABLE_OBJC_ARC = YES;
				CLANG_ENABLE_OBJC_WEAK = YES;
				CLANG_WARN_BLOCK_CAPTURE_AUTORELEASING = YES;
				CLANG_WARN_BOOL_CONVERSION = YES;
				CLANG_WARN_COMMA = YES;
				CLANG_WARN_CONSTANT_CONVERSION = YES;
				CLANG_WARN_DEPRECATED_OBJC_IMPLEMENTATIONS = YES;
				CLANG_WARN_DIRECT_OBJC_ISA_USAGE = YES_ERROR;
				CLANG_WARN_DOCUMENTATION_COMMENTS = YES;
				CLANG_WARN_EMPTY_BODY = YES;
				CLANG_WARN_ENUM_CONVERSION = YES;
				CLANG_WARN_INFINITE_RECURSION = YES;
				CLANG_WARN_INT_CONVERSION = YES;
				CLANG_WARN_NON_LITERAL_NULL_CONVERSION = YES;
				CLANG_WARN_OBJC_IMPLICIT_RETAIN_SELF = YES;
				CLANG_WARN_OBJC_LITERAL_CONVERSION = YES;
				CLANG_WARN_OBJC_ROOT_CLASS = YES_ERROR;
				CLANG_WARN_QUOTED_INCLUDE_IN_FRAMEWORK_HEADER = YES;
				CLANG_WARN_RANGE_LOOP_ANALYSIS = YES;
				CLANG_WARN_STRICT_PROTOTYPES = YES;
				CLANG_WARN_SUSPICIOUS_MOVE = YES;
				CLANG_WARN_UNGUARDED_AVAILABILITY = YES_AGGRESSIVE;
				CLANG_WARN_UNREACHABLE_CODE = YES;
				CLANG_WARN__DUPLICATE_METHOD_MATCH = YES;
				COPY_PHASE_STRIP = NO;
				CURRENT_PROJECT_VERSION = 1;
				DEBUG_INFORMATION_FORMAT = "dwarf-with-dsym";
				ENABLE_NS_ASSERTIONS = NO;
				ENABLE_STRICT_OBJC_MSGSEND = YES;
				ENABLE_TESTABILITY = YES;
				GCC_C_LANGUAGE_STANDARD = gnu11;
				GCC_NO_COMMON_BLOCKS = YES;
				GCC_WARN_64_TO_32_BIT_CONVERSION = YES;
				GCC_WARN_ABOUT_RETURN_TYPE = YES_ERROR;
				GCC_WARN_UNDECLARED_SELECTOR = YES;
				GCC_WARN_UNINITIALIZED_AUTOS = YES_AGGRESSIVE;
				GCC_WARN_UNUSED_FUNCTION = YES;
				GCC_WARN_UNUSED_VARIABLE = YES;
				MTL_ENABLE_DEBUG_INFO = NO;
				MTL_FAST_MATH = YES;
				SDKROOT = iphoneos;
				SWIFT_COMPILATION_MODE = wholemodule;
				SWIFT_OPTIMIZATION_LEVEL = "-O";
				VERSIONING_SYSTEM = "apple-generic";
				VERSION_INFO_PREFIX = "";
			};
			name = Release;
		};
		58332ECB292EC18800B1ECF3 /* Debug */ = {
			isa = XCBuildConfiguration;
			buildSettings = {
				BUILD_LIBRARY_FOR_DISTRIBUTION = YES;
				CLANG_ENABLE_MODULES = YES;
				CLANG_WARN_QUOTED_INCLUDE_IN_FRAMEWORK_HEADER = NO;
				CODE_SIGN_STYLE = Automatic;
				CURRENT_PROJECT_VERSION = 1;
				DEFINES_MODULE = YES;
				DYLIB_COMPATIBILITY_VERSION = 1;
				DYLIB_CURRENT_VERSION = 1;
				DYLIB_INSTALL_NAME_BASE = "@rpath";
				GENERATE_INFOPLIST_FILE = YES;
				INFOPLIST_KEY_NSHumanReadableCopyright = "";
				INSTALL_PATH = "$(LOCAL_LIBRARY_DIR)/Frameworks";
				IPHONEOS_DEPLOYMENT_TARGET = 13.0;
				LD_RUNPATH_SEARCH_PATHS = (
					"@executable_path/Frameworks",
					"@loader_path/Frameworks",
				);
				"LD_RUNPATH_SEARCH_PATHS[sdk=macosx*]" = (
					"@executable_path/../Frameworks",
					"@loader_path/Frameworks",
				);
				MACOSX_DEPLOYMENT_TARGET = 12.6;
				MARKETING_VERSION = 1.0;
				PRODUCT_BUNDLE_IDENTIFIER = "com.attentive.attentive-ios-sdk-local";
				PRODUCT_NAME = "$(TARGET_NAME:c99extidentifier)";
				SDKROOT = iphoneos;
				SKIP_INSTALL = YES;
				SUPPORTED_PLATFORMS = "iphoneos iphonesimulator";
				SUPPORTS_MACCATALYST = YES;
				SUPPORTS_MAC_DESIGNED_FOR_IPHONE_IPAD = YES;
				SWIFT_EMIT_LOC_STRINGS = YES;
				SWIFT_OPTIMIZATION_LEVEL = "-Onone";
				SWIFT_VERSION = 5.0;
				TARGETED_DEVICE_FAMILY = "1,2";
			};
			name = Debug;
		};
		58332ECC292EC18800B1ECF3 /* Release */ = {
			isa = XCBuildConfiguration;
			buildSettings = {
				BUILD_LIBRARY_FOR_DISTRIBUTION = YES;
				CLANG_ENABLE_MODULES = YES;
				CLANG_WARN_QUOTED_INCLUDE_IN_FRAMEWORK_HEADER = NO;
				CODE_SIGN_STYLE = Automatic;
				CURRENT_PROJECT_VERSION = 1;
				DEFINES_MODULE = YES;
				DYLIB_COMPATIBILITY_VERSION = 1;
				DYLIB_CURRENT_VERSION = 1;
				DYLIB_INSTALL_NAME_BASE = "@rpath";
				GENERATE_INFOPLIST_FILE = YES;
				INFOPLIST_KEY_NSHumanReadableCopyright = "";
				INSTALL_PATH = "$(LOCAL_LIBRARY_DIR)/Frameworks";
				IPHONEOS_DEPLOYMENT_TARGET = 13.0;
				LD_RUNPATH_SEARCH_PATHS = (
					"@executable_path/Frameworks",
					"@loader_path/Frameworks",
				);
				"LD_RUNPATH_SEARCH_PATHS[sdk=macosx*]" = (
					"@executable_path/../Frameworks",
					"@loader_path/Frameworks",
				);
				MACOSX_DEPLOYMENT_TARGET = 12.6;
				MARKETING_VERSION = 1.0;
				PRODUCT_BUNDLE_IDENTIFIER = "com.attentive.attentive-ios-sdk-local";
				PRODUCT_NAME = "$(TARGET_NAME:c99extidentifier)";
				SDKROOT = iphoneos;
				SKIP_INSTALL = YES;
				SUPPORTED_PLATFORMS = "iphoneos iphonesimulator";
				SUPPORTS_MACCATALYST = YES;
				SUPPORTS_MAC_DESIGNED_FOR_IPHONE_IPAD = YES;
				SWIFT_EMIT_LOC_STRINGS = YES;
				SWIFT_VERSION = 5.0;
				TARGETED_DEVICE_FAMILY = "1,2";
			};
			name = Release;
		};
		58D52E21292EC52B00CF32DE /* Debug */ = {
			isa = XCBuildConfiguration;
			buildSettings = {
				CODE_SIGN_STYLE = Automatic;
				CURRENT_PROJECT_VERSION = 1;
				GENERATE_INFOPLIST_FILE = YES;
				HEADER_SEARCH_PATHS = "$(PROJECT_DIR)/Vendor/OCMock";
				IPHONEOS_DEPLOYMENT_TARGET = 11.0;
				LIBRARY_SEARCH_PATHS = (
					"$(inherited)",
					"$(PROJECT_DIR)/Vendor/OCMock",
				);
				MARKETING_VERSION = 1.0;
				OTHER_LDFLAGS = (
					"$(inherited)",
					"-framework",
					XCTest,
					"-ObjC",
				);
				PRODUCT_BUNDLE_IDENTIFIER = "com.attentive.attentive-ios-sdk-Tests";
				PRODUCT_NAME = "$(TARGET_NAME)";
				SDKROOT = iphoneos;
				SWIFT_EMIT_LOC_STRINGS = NO;
				TARGETED_DEVICE_FAMILY = "1,2";
			};
			name = Debug;
		};
		58D52E22292EC52B00CF32DE /* Release */ = {
			isa = XCBuildConfiguration;
			buildSettings = {
				CODE_SIGN_STYLE = Automatic;
				CURRENT_PROJECT_VERSION = 1;
				GENERATE_INFOPLIST_FILE = YES;
				HEADER_SEARCH_PATHS = "$(PROJECT_DIR)/Vendor/OCMock";
				IPHONEOS_DEPLOYMENT_TARGET = 11.0;
				LIBRARY_SEARCH_PATHS = (
					"$(inherited)",
					"$(PROJECT_DIR)/Vendor/OCMock",
				);
				MARKETING_VERSION = 1.0;
				OTHER_LDFLAGS = (
					"$(inherited)",
					"-framework",
					XCTest,
					"-ObjC",
				);
				PRODUCT_BUNDLE_IDENTIFIER = "com.attentive.attentive-ios-sdk-Tests";
				PRODUCT_NAME = "$(TARGET_NAME)";
				SDKROOT = iphoneos;
				SWIFT_EMIT_LOC_STRINGS = NO;
				TARGETED_DEVICE_FAMILY = "1,2";
				VALIDATE_PRODUCT = YES;
			};
			name = Release;
		};
/* End XCBuildConfiguration section */

/* Begin XCConfigurationList section */
		58332EBD292EC18800B1ECF3 /* Build configuration list for PBXProject "attentive-ios-sdk" */ = {
			isa = XCConfigurationList;
			buildConfigurations = (
				58332EC8292EC18800B1ECF3 /* Debug */,
				58332EC9292EC18800B1ECF3 /* Release */,
			);
			defaultConfigurationIsVisible = 0;
			defaultConfigurationName = Release;
		};
		58332ECA292EC18800B1ECF3 /* Build configuration list for PBXNativeTarget "attentive-ios-sdk-framework" */ = {
			isa = XCConfigurationList;
			buildConfigurations = (
				58332ECB292EC18800B1ECF3 /* Debug */,
				58332ECC292EC18800B1ECF3 /* Release */,
			);
			defaultConfigurationIsVisible = 0;
			defaultConfigurationName = Release;
		};
		58D52E20292EC52B00CF32DE /* Build configuration list for PBXNativeTarget "attentive-ios-sdk Tests" */ = {
			isa = XCConfigurationList;
			buildConfigurations = (
				58D52E21292EC52B00CF32DE /* Debug */,
				58D52E22292EC52B00CF32DE /* Release */,
			);
			defaultConfigurationIsVisible = 0;
			defaultConfigurationName = Release;
		};
/* End XCConfigurationList section */
	};
	rootObject = 58332EBA292EC18800B1ECF3 /* Project object */;
}
